// !$*UTF8*$!
{
	archiveVersion = 1;
	classes = {
	};
	objectVersion = 48;
	objects = {

/* Begin PBXBuildFile section */
		EE817A421FAC696F003AC5B6 /* AppDelegate.m in Sources */ = {isa = PBXBuildFile; fileRef = EE817A411FAC696F003AC5B6 /* AppDelegate.m */; };
		EE817A451FAC696F003AC5B6 /* ViewController.m in Sources */ = {isa = PBXBuildFile; fileRef = EE817A441FAC696F003AC5B6 /* ViewController.m */; };
		EE817A481FAC696F003AC5B6 /* Main.storyboard in Resources */ = {isa = PBXBuildFile; fileRef = EE817A461FAC696F003AC5B6 /* Main.storyboard */; };
		EE817A4A1FAC696F003AC5B6 /* Assets.xcassets in Resources */ = {isa = PBXBuildFile; fileRef = EE817A491FAC696F003AC5B6 /* Assets.xcassets */; };
		EE817A4D1FAC696F003AC5B6 /* LaunchScreen.storyboard in Resources */ = {isa = PBXBuildFile; fileRef = EE817A4B1FAC696F003AC5B6 /* LaunchScreen.storyboard */; };
		EE817A501FAC696F003AC5B6 /* main.m in Sources */ = {isa = PBXBuildFile; fileRef = EE817A4F1FAC696F003AC5B6 /* main.m */; };
/* End PBXBuildFile section */

/* Begin PBXFileReference section */
		EE817A3D1FAC696F003AC5B6 /* YHKit_OC.app */ = {isa = PBXFileReference; explicitFileType = wrapper.application; includeInIndex = 0; path = YHKit_OC.app; sourceTree = BUILT_PRODUCTS_DIR; };
		EE817A401FAC696F003AC5B6 /* AppDelegate.h */ = {isa = PBXFileReference; lastKnownFileType = sourcecode.c.h; path = AppDelegate.h; sourceTree = "<group>"; };
		EE817A411FAC696F003AC5B6 /* AppDelegate.m */ = {isa = PBXFileReference; lastKnownFileType = sourcecode.c.objc; path = AppDelegate.m; sourceTree = "<group>"; };
		EE817A431FAC696F003AC5B6 /* ViewController.h */ = {isa = PBXFileReference; lastKnownFileType = sourcecode.c.h; path = ViewController.h; sourceTree = "<group>"; };
		EE817A441FAC696F003AC5B6 /* ViewController.m */ = {isa = PBXFileReference; lastKnownFileType = sourcecode.c.objc; path = ViewController.m; sourceTree = "<group>"; };
		EE817A471FAC696F003AC5B6 /* Base */ = {isa = PBXFileReference; lastKnownFileType = file.storyboard; name = Base; path = Base.lproj/Main.storyboard; sourceTree = "<group>"; };
		EE817A491FAC696F003AC5B6 /* Assets.xcassets */ = {isa = PBXFileReference; lastKnownFileType = folder.assetcatalog; path = Assets.xcassets; sourceTree = "<group>"; };
		EE817A4C1FAC696F003AC5B6 /* Base */ = {isa = PBXFileReference; lastKnownFileType = file.storyboard; name = Base; path = Base.lproj/LaunchScreen.storyboard; sourceTree = "<group>"; };
		EE817A4E1FAC696F003AC5B6 /* Info.plist */ = {isa = PBXFileReference; lastKnownFileType = text.plist.xml; path = Info.plist; sourceTree = "<group>"; };
		EE817A4F1FAC696F003AC5B6 /* main.m */ = {isa = PBXFileReference; lastKnownFileType = sourcecode.c.objc; path = main.m; sourceTree = "<group>"; };
/* End PBXFileReference section */

/* Begin PBXFrameworksBuildPhase section */
		EE817A3A1FAC696F003AC5B6 /* Frameworks */ = {
			isa = PBXFrameworksBuildPhase;
			buildActionMask = 2147483647;
			files = (
			);
			runOnlyForDeploymentPostprocessing = 0;
		};
/* End PBXFrameworksBuildPhase section */

/* Begin PBXGroup section */
		EE817A341FAC696F003AC5B6 = {
			isa = PBXGroup;
			children = (
				EE817A3F1FAC696F003AC5B6 /* YHKit_OC */,
				EE817A3E1FAC696F003AC5B6 /* Products */,
			);
			sourceTree = "<group>";
		};
		EE817A3E1FAC696F003AC5B6 /* Products */ = {
			isa = PBXGroup;
			children = (
				EE817A3D1FAC696F003AC5B6 /* YHKit_OC.app */,
			);
			name = Products;
			sourceTree = "<group>";
		};
		EE817A3F1FAC696F003AC5B6 /* YHKit_OC */ = {
			isa = PBXGroup;
			children = (
				EE817A401FAC696F003AC5B6 /* AppDelegate.h */,
				EE817A411FAC696F003AC5B6 /* AppDelegate.m */,
				EE817A431FAC696F003AC5B6 /* ViewController.h */,
				EE817A441FAC696F003AC5B6 /* ViewController.m */,
				EE817A461FAC696F003AC5B6 /* Main.storyboard */,
				EE817A491FAC696F003AC5B6 /* Assets.xcassets */,
				EE817A4B1FAC696F003AC5B6 /* LaunchScreen.storyboard */,
				EE817A4E1FAC696F003AC5B6 /* Info.plist */,
				EE817A4F1FAC696F003AC5B6 /* main.m */,
			);
			path = YHKit_OC;
			sourceTree = "<group>";
		};
/* End PBXGroup section */

/* Begin PBXNativeTarget section */
		EE817A3C1FAC696F003AC5B6 /* YHKit_OC */ = {
			isa = PBXNativeTarget;
			buildConfigurationList = EE817A531FAC696F003AC5B6 /* Build configuration list for PBXNativeTarget "YHKit_OC" */;
			buildPhases = (
				EE817A391FAC696F003AC5B6 /* Sources */,
				EE817A3A1FAC696F003AC5B6 /* Frameworks */,
				EE817A3B1FAC696F003AC5B6 /* Resources */,
			);
			buildRules = (
			);
			dependencies = (
			);
			name = YHKit_OC;
			productName = YHKit_OC;
			productReference = EE817A3D1FAC696F003AC5B6 /* YHKit_OC.app */;
			productType = "com.apple.product-type.application";
		};
/* End PBXNativeTarget section */

/* Begin PBXProject section */
		EE817A351FAC696F003AC5B6 /* Project object */ = {
			isa = PBXProject;
			attributes = {
				LastUpgradeCheck = 0900;
				ORGANIZATIONNAME = "银河";
				TargetAttributes = {
					EE817A3C1FAC696F003AC5B6 = {
						CreatedOnToolsVersion = 9.0.1;
						ProvisioningStyle = Automatic;
					};
				};
			};
			buildConfigurationList = EE817A381FAC696F003AC5B6 /* Build configuration list for PBXProject "YHKit_OC" */;
			compatibilityVersion = "Xcode 8.0";
			developmentRegion = en;
			hasScannedForEncodings = 0;
			knownRegions = (
				en,
				Base,
			);
			mainGroup = EE817A341FAC696F003AC5B6;
			productRefGroup = EE817A3E1FAC696F003AC5B6 /* Products */;
			projectDirPath = "";
			projectRoot = "";
			targets = (
				EE817A3C1FAC696F003AC5B6 /* YHKit_OC */,
			);
		};
/* End PBXProject section */

/* Begin PBXResourcesBuildPhase section */
		EE817A3B1FAC696F003AC5B6 /* Resources */ = {
			isa = PBXResourcesBuildPhase;
			buildActionMask = 2147483647;
			files = (
				EE817A4D1FAC696F003AC5B6 /* LaunchScreen.storyboard in Resources */,
				EE817A4A1FAC696F003AC5B6 /* Assets.xcassets in Resources */,
				EE817A481FAC696F003AC5B6 /* Main.storyboard in Resources */,
			);
			runOnlyForDeploymentPostprocessing = 0;
		};
/* End PBXResourcesBuildPhase section */

/* Begin PBXSourcesBuildPhase section */
		EE817A391FAC696F003AC5B6 /* Sources */ = {
			isa = PBXSourcesBuildPhase;
			buildActionMask = 2147483647;
			files = (
				EE817A451FAC696F003AC5B6 /* ViewController.m in Sources */,
				EE817A501FAC696F003AC5B6 /* main.m in Sources */,
				EE817A421FAC696F003AC5B6 /* AppDelegate.m in Sources */,
			);
			runOnlyForDeploymentPostprocessing = 0;
		};
/* End PBXSourcesBuildPhase section */

/* Begin PBXVariantGroup section */
		EE817A461FAC696F003AC5B6 /* Main.storyboard */ = {
			isa = PBXVariantGroup;
			children = (
				EE817A471FAC696F003AC5B6 /* Base */,
			);
			name = Main.storyboard;
			sourceTree = "<group>";
		};
		EE817A4B1FAC696F003AC5B6 /* LaunchScreen.storyboard */ = {
			isa = PBXVariantGroup;
			children = (
				EE817A4C1FAC696F003AC5B6 /* Base */,
			);
			name = LaunchScreen.storyboard;
			sourceTree = "<group>";
		};
/* End PBXVariantGroup section */

/* Begin XCBuildConfiguration section */
		EE817A511FAC696F003AC5B6 /* Debug */ = {
			isa = XCBuildConfiguration;
			buildSettings = {
				ALWAYS_SEARCH_USER_PATHS = NO;
				CLANG_ANALYZER_NONNULL = YES;
				CLANG_ANALYZER_NUMBER_OBJECT_CONVERSION = YES_AGGRESSIVE;
				CLANG_CXX_LANGUAGE_STANDARD = "gnu++14";
				CLANG_CXX_LIBRARY = "libc++";
				CLANG_ENABLE_MODULES = YES;
				CLANG_ENABLE_OBJC_ARC = YES;
				CLANG_WARN_BLOCK_CAPTURE_AUTORELEASING = YES;
				CLANG_WARN_BOOL_CONVERSION = YES;
				CLANG_WARN_COMMA = YES;
				CLANG_WARN_CONSTANT_CONVERSION = YES;
				CLANG_WARN_DIRECT_OBJC_ISA_USAGE = YES_ERROR;
				CLANG_WARN_DOCUMENTATION_COMMENTS = YES;
				CLANG_WARN_EMPTY_BODY = YES;
				CLANG_WARN_ENUM_CONVERSION = YES;
				CLANG_WARN_INFINITE_RECURSION = YES;
				CLANG_WARN_INT_CONVERSION = YES;
				CLANG_WARN_NON_LITERAL_NULL_CONVERSION = YES;
				CLANG_WARN_OBJC_LITERAL_CONVERSION = YES;
				CLANG_WARN_OBJC_ROOT_CLASS = YES_ERROR;
				CLANG_WARN_RANGE_LOOP_ANALYSIS = YES;
				CLANG_WARN_STRICT_PROTOTYPES = YES;
				CLANG_WARN_SUSPICIOUS_MOVE = YES;
				CLANG_WARN_UNGUARDED_AVAILABILITY = YES_AGGRESSIVE;
				CLANG_WARN_UNREACHABLE_CODE = YES;
				CLANG_WARN__DUPLICATE_METHOD_MATCH = YES;
				CODE_SIGN_IDENTITY = "iPhone Developer";
				COPY_PHASE_STRIP = NO;
				DEBUG_INFORMATION_FORMAT = dwarf;
				ENABLE_STRICT_OBJC_MSGSEND = YES;
				ENABLE_TESTABILITY = YES;
				GCC_C_LANGUAGE_STANDARD = gnu11;
				GCC_DYNAMIC_NO_PIC = NO;
				GCC_NO_COMMON_BLOCKS = YES;
				GCC_OPTIMIZATION_LEVEL = 0;
				GCC_PREPROCESSOR_DEFINITIONS = (
					"DEBUG=1",
					"$(inherited)",
				);
				GCC_WARN_64_TO_32_BIT_CONVERSION = YES;
				GCC_WARN_ABOUT_RETURN_TYPE = YES_ERROR;
				GCC_WARN_UNDECLARED_SELECTOR = YES;
				GCC_WARN_UNINITIALIZED_AUTOS = YES_AGGRESSIVE;
				GCC_WARN_UNUSED_FUNCTION = YES;
				GCC_WARN_UNUSED_VARIABLE = YES;
				IPHONEOS_DEPLOYMENT_TARGET = 11.0;
				MTL_ENABLE_DEBUG_INFO = YES;
				ONLY_ACTIVE_ARCH = YES;
				SDKROOT = iphoneos;
			};
			name = Debug;
		};
		EE817A521FAC696F003AC5B6 /* Release */ = {
			isa = XCBuildConfiguration;
			buildSettings = {
				ALWAYS_SEARCH_USER_PATHS = NO;
				CLANG_ANALYZER_NONNULL = YES;
				CLANG_ANALYZER_NUMBER_OBJECT_CONVERSION = YES_AGGRESSIVE;
				CLANG_CXX_LANGUAGE_STANDARD = "gnu++14";
				CLANG_CXX_LIBRARY = "libc++";
				CLANG_ENABLE_MODULES = YES;
				CLANG_ENABLE_OBJC_ARC = YES;
				CLANG_WARN_BLOCK_CAPTURE_AUTORELEASING = YES;
				CLANG_WARN_BOOL_CONVERSION = YES;
				CLANG_WARN_COMMA = YES;
				CLANG_WARN_CONSTANT_CONVERSION = YES;
				CLANG_WARN_DIRECT_OBJC_ISA_USAGE = YES_ERROR;
				CLANG_WARN_DOCUMENTATION_COMMENTS = YES;
				CLANG_WARN_EMPTY_BODY = YES;
				CLANG_WARN_ENUM_CONVERSION = YES;
				CLANG_WARN_INFINITE_RECURSION = YES;
				CLANG_WARN_INT_CONVERSION = YES;
				CLANG_WARN_NON_LITERAL_NULL_CONVERSION = YES;
				CLANG_WARN_OBJC_LITERAL_CONVERSION = YES;
				CLANG_WARN_OBJC_ROOT_CLASS = YES_ERROR;
				CLANG_WARN_RANGE_LOOP_ANALYSIS = YES;
				CLANG_WARN_STRICT_PROTOTYPES = YES;
				CLANG_WARN_SUSPICIOUS_MOVE = YES;
				CLANG_WARN_UNGUARDED_AVAILABILITY = YES_AGGRESSIVE;
				CLANG_WARN_UNREACHABLE_CODE = YES;
				CLANG_WARN__DUPLICATE_METHOD_MATCH = YES;
				CODE_SIGN_IDENTITY = "iPhone Developer";
				COPY_PHASE_STRIP = NO;
				DEBUG_INFORMATION_FORMAT = "dwarf-with-dsym";
				ENABLE_NS_ASSERTIONS = NO;
				ENABLE_STRICT_OBJC_MSGSEND = YES;
				GCC_C_LANGUAGE_STANDARD = gnu11;
				GCC_NO_COMMON_BLOCKS = YES;
				GCC_WARN_64_TO_32_BIT_CONVERSION = YES;
				GCC_WARN_ABOUT_RETURN_TYPE = YES_ERROR;
				GCC_WARN_UNDECLARED_SELECTOR = YES;
				GCC_WARN_UNINITIALIZED_AUTOS = YES_AGGRESSIVE;
				GCC_WARN_UNUSED_FUNCTION = YES;
				GCC_WARN_UNUSED_VARIABLE = YES;
				IPHONEOS_DEPLOYMENT_TARGET = 11.0;
				MTL_ENABLE_DEBUG_INFO = NO;
				SDKROOT = iphoneos;
				VALIDATE_PRODUCT = YES;
			};
			name = Release;
		};
		EE817A541FAC696F003AC5B6 /* Debug */ = {
			isa = XCBuildConfiguration;
			buildSettings = {
				ASSETCATALOG_COMPILER_APPICON_NAME = AppIcon;
				CODE_SIGN_STYLE = Automatic;
				DEVELOPMENT_TEAM = 6V9VN23VE8;
				INFOPLIST_FILE = YHKit_OC/Info.plist;
				LD_RUNPATH_SEARCH_PATHS = "$(inherited) @executable_path/Frameworks";
				PRODUCT_BUNDLE_IDENTIFIER = "com.yinhe.YHKit-OC";
				PRODUCT_NAME = "$(TARGET_NAME)";
				TARGETED_DEVICE_FAMILY = "1,2";
			};
			name = Debug;
		};
		EE817A551FAC696F003AC5B6 /* Release */ = {
			isa = XCBuildConfiguration;
			buildSettings = {
				ASSETCATALOG_COMPILER_APPICON_NAME = AppIcon;
				CODE_SIGN_STYLE = Automatic;
				DEVELOPMENT_TEAM = 6V9VN23VE8;
				INFOPLIST_FILE = YHKit_OC/Info.plist;
				LD_RUNPATH_SEARCH_PATHS = "$(inherited) @executable_path/Frameworks";
				PRODUCT_BUNDLE_IDENTIFIER = "com.yinhe.YHKit-OC";
				PRODUCT_NAME = "$(TARGET_NAME)";
				TARGETED_DEVICE_FAMILY = "1,2";
			};
			name = Release;
		};
/* End XCBuildConfiguration section */

/* Begin XCConfigurationList section */
		EE817A381FAC696F003AC5B6 /* Build configuration list for PBXProject "YHKit_OC" */ = {
			isa = XCConfigurationList;
			buildConfigurations = (
				EE817A511FAC696F003AC5B6 /* Debug */,
				EE817A521FAC696F003AC5B6 /* Release */,
			);
			defaultConfigurationIsVisible = 0;
			defaultConfigurationName = Release;
		};
		EE817A531FAC696F003AC5B6 /* Build configuration list for PBXNativeTarget "YHKit_OC" */ = {
			isa = XCConfigurationList;
			buildConfigurations = (
				EE817A541FAC696F003AC5B6 /* Debug */,
				EE817A551FAC696F003AC5B6 /* Release */,
			);
			defaultConfigurationIsVisible = 0;
			defaultConfigurationName = Release;
		};
/* End XCConfigurationList section */
	};
	rootObject = EE817A351FAC696F003AC5B6 /* Project object */;
}
