// !$*UTF8*$!
{
	archiveVersion = 1;
	classes = {
	};
	objectVersion = 48;
	objects = {

/* Begin PBXBuildFile section */
		42D612DCC3D3CB9D7092342A /* libPods-YHKit_OC.a in Frameworks */ = {isa = PBXBuildFile; fileRef = 4CB4538AE72479A1E8F3192A /* libPods-YHKit_OC.a */; };
		EE0EB3DD203FBCDE00643871 /* LeftMenuVC.m in Sources */ = {isa = PBXBuildFile; fileRef = EE0EB3DC203FBCDE00643871 /* LeftMenuVC.m */; };
		EE0EB3E0203FF39700643871 /* RightMenuVC.m in Sources */ = {isa = PBXBuildFile; fileRef = EE0EB3DF203FF39700643871 /* RightMenuVC.m */; };
		EE0EB3E32040005000643871 /* PushVC.m in Sources */ = {isa = PBXBuildFile; fileRef = EE0EB3E22040005000643871 /* PushVC.m */; };
		EE0EB3E62040106D00643871 /* MenuPushVC.m in Sources */ = {isa = PBXBuildFile; fileRef = EE0EB3E52040106D00643871 /* MenuPushVC.m */; };
		EE16463020483C5B0091AF4A /* YHMBHud.m in Sources */ = {isa = PBXBuildFile; fileRef = EE16462F20483C5B0091AF4A /* YHMBHud.m */; };
		EE2C2D0F202980F700009E6E /* UIBarButtonItem+YHBarButtonItem.m in Sources */ = {isa = PBXBuildFile; fileRef = EE2C2D0E202980F700009E6E /* UIBarButtonItem+YHBarButtonItem.m */; };
		EE2C2D122029835E00009E6E /* YHBarButtonItemConfigure.m in Sources */ = {isa = PBXBuildFile; fileRef = EE2C2D112029835E00009E6E /* YHBarButtonItemConfigure.m */; };
		EE387CC820889616005F7FA5 /* YHNavigation.xcassets in Resources */ = {isa = PBXBuildFile; fileRef = EE387CC720889616005F7FA5 /* YHNavigation.xcassets */; };
		EE387CCB208896A7005F7FA5 /* UIImage+YHQRImage.m in Sources */ = {isa = PBXBuildFile; fileRef = EE387CCA208896A7005F7FA5 /* UIImage+YHQRImage.m */; };
		EE43B64220200ACE00B6C2A5 /* YHSecurity.m in Sources */ = {isa = PBXBuildFile; fileRef = EE43B64120200ACE00B6C2A5 /* YHSecurity.m */; };
		EE4625A420469CB800BC835B /* VC2.m in Sources */ = {isa = PBXBuildFile; fileRef = EE4625A320469CB800BC835B /* VC2.m */; };
		EE4625A72046A9A100BC835B /* YHTransitionManager+MiddlePage.m in Sources */ = {isa = PBXBuildFile; fileRef = EE4625A62046A9A100BC835B /* YHTransitionManager+MiddlePage.m */; };
		EE534C79202BFE2F006C9BD4 /* YHNavigationBar.m in Sources */ = {isa = PBXBuildFile; fileRef = EE534C78202BFE2F006C9BD4 /* YHNavigationBar.m */; };
		EE534C7C202BFF33006C9BD4 /* YHBaseViewController.m in Sources */ = {isa = PBXBuildFile; fileRef = EE534C7B202BFF33006C9BD4 /* YHBaseViewController.m */; };
		EE534C7F202C4582006C9BD4 /* CustomNaviVC.m in Sources */ = {isa = PBXBuildFile; fileRef = EE534C7E202C4582006C9BD4 /* CustomNaviVC.m */; };
		EE624716200363BA00D89E86 /* YHPhotoBigPreVC.m in Sources */ = {isa = PBXBuildFile; fileRef = EE6246CA200363B900D89E86 /* YHPhotoBigPreVC.m */; };
		EE624717200363BA00D89E86 /* YHPhotoBroswer.m in Sources */ = {isa = PBXBuildFile; fileRef = EE6246CC200363B900D89E86 /* YHPhotoBroswer.m */; };
		EE624718200363BA00D89E86 /* YHPhotoDetailListVC.m in Sources */ = {isa = PBXBuildFile; fileRef = EE6246CE200363B900D89E86 /* YHPhotoDetailListVC.m */; };
		EE624719200363BA00D89E86 /* YHPhotoListVC.m in Sources */ = {isa = PBXBuildFile; fileRef = EE6246D0200363B900D89E86 /* YHPhotoListVC.m */; };
		EE62471A200363BA00D89E86 /* YHPhotoDetailModel.m in Sources */ = {isa = PBXBuildFile; fileRef = EE6246D3200363B900D89E86 /* YHPhotoDetailModel.m */; };
		EE62471B200363BA00D89E86 /* YHPhotoListModel.m in Sources */ = {isa = PBXBuildFile; fileRef = EE6246D5200363B900D89E86 /* YHPhotoListModel.m */; };
		EE62471C200363BA00D89E86 /* YHPhotoManager.m in Sources */ = {isa = PBXBuildFile; fileRef = EE6246D9200363B900D89E86 /* YHPhotoManager.m */; };
		EE62471D200363BA00D89E86 /* YHPhotoBigPreCell.m in Sources */ = {isa = PBXBuildFile; fileRef = EE6246DC200363B900D89E86 /* YHPhotoBigPreCell.m */; };
		EE62471E200363BA00D89E86 /* YHPhotoBigPreNaviView.m in Sources */ = {isa = PBXBuildFile; fileRef = EE6246DE200363B900D89E86 /* YHPhotoBigPreNaviView.m */; };
		EE62471F200363BA00D89E86 /* YHPhotoBroswerDetailCell.m in Sources */ = {isa = PBXBuildFile; fileRef = EE6246E0200363B900D89E86 /* YHPhotoBroswerDetailCell.m */; };
		EE624720200363BA00D89E86 /* YHPhotoBroswerListCell.m in Sources */ = {isa = PBXBuildFile; fileRef = EE6246E2200363B900D89E86 /* YHPhotoBroswerListCell.m */; };
		EE624721200363BA00D89E86 /* YHPhotoDetailBottomView.m in Sources */ = {isa = PBXBuildFile; fileRef = EE6246E4200363B900D89E86 /* YHPhotoDetailBottomView.m */; };
		EE624722200363BA00D89E86 /* YHAlbumAssets.xcassets in Resources */ = {isa = PBXBuildFile; fileRef = EE6246E5200363B900D89E86 /* YHAlbumAssets.xcassets */; };
		EE624723200363BA00D89E86 /* YHPhotoBroswer.strings in Resources */ = {isa = PBXBuildFile; fileRef = EE6246E6200363B900D89E86 /* YHPhotoBroswer.strings */; };
		EE624724200363BA00D89E86 /* YHAlertController.m in Sources */ = {isa = PBXBuildFile; fileRef = EE6246E9200363B900D89E86 /* YHAlertController.m */; };
		EE624725200363BA00D89E86 /* NSObject+YHAuthorization.m in Sources */ = {isa = PBXBuildFile; fileRef = EE6246EC200363B900D89E86 /* NSObject+YHAuthorization.m */; };
		EE624726200363BA00D89E86 /* YHNotification.m in Sources */ = {isa = PBXBuildFile; fileRef = EE6246EE200363B900D89E86 /* YHNotification.m */; };
		EE624727200363BA00D89E86 /* UIViewController+YHCustomNaviBar.m in Sources */ = {isa = PBXBuildFile; fileRef = EE6246F1200363B900D89E86 /* UIViewController+YHCustomNaviBar.m */; };
		EE624728200363BA00D89E86 /* NSData+YHData.m in Sources */ = {isa = PBXBuildFile; fileRef = EE6246F4200363B900D89E86 /* NSData+YHData.m */; };
		EE624729200363BA00D89E86 /* YHDeviceUtil.m in Sources */ = {isa = PBXBuildFile; fileRef = EE6246F7200363B900D89E86 /* YHDeviceUtil.m */; };
		EE62472A200363BA00D89E86 /* YHDrawerVC.m in Sources */ = {isa = PBXBuildFile; fileRef = EE6246FA200363B900D89E86 /* YHDrawerVC.m */; };
		EE62472B200363BA00D89E86 /* UIImage+YHColorToImage.m in Sources */ = {isa = PBXBuildFile; fileRef = EE6246FD200363B900D89E86 /* UIImage+YHColorToImage.m */; };
		EE62472D200363BA00D89E86 /* YHNet.m in Sources */ = {isa = PBXBuildFile; fileRef = EE62470C200363B900D89E86 /* YHNet.m */; };
		EE62472E200363BA00D89E86 /* NSString+YHExchange.m in Sources */ = {isa = PBXBuildFile; fileRef = EE62470F200363B900D89E86 /* NSString+YHExchange.m */; };
		EE62472F200363BA00D89E86 /* NSString+YHValid.m in Sources */ = {isa = PBXBuildFile; fileRef = EE624711200363B900D89E86 /* NSString+YHValid.m */; };
		EE624730200363BA00D89E86 /* UIViewController+YHSystemPhoto.m in Sources */ = {isa = PBXBuildFile; fileRef = EE624714200363B900D89E86 /* UIViewController+YHSystemPhoto.m */; };
		EE627EBB20425C9500946252 /* YHTransitionManager.m in Sources */ = {isa = PBXBuildFile; fileRef = EE627EBA20425C9500946252 /* YHTransitionManager.m */; };
		EE627EBE20425F9000946252 /* VC1.m in Sources */ = {isa = PBXBuildFile; fileRef = EE627EBD20425F9000946252 /* VC1.m */; };
		EE627ED320429D7500946252 /* UIViewController+YHTransition.m in Sources */ = {isa = PBXBuildFile; fileRef = EE627ED220429D7500946252 /* UIViewController+YHTransition.m */; };
		EE627ED62042A24700946252 /* YHTransitionManager+System.m in Sources */ = {isa = PBXBuildFile; fileRef = EE627ED52042A24700946252 /* YHTransitionManager+System.m */; };
		EE627ED92042A25000946252 /* YHTransitionManager+Scale.m in Sources */ = {isa = PBXBuildFile; fileRef = EE627ED82042A25000946252 /* YHTransitionManager+Scale.m */; };
		EE627EDD2042A60E00946252 /* YHTransitionManager+Public.m in Sources */ = {isa = PBXBuildFile; fileRef = EE627EDC2042A60E00946252 /* YHTransitionManager+Public.m */; };
		EE67B94B2042F9CA00D6AFDA /* YHTransitionManager+KuGou.m in Sources */ = {isa = PBXBuildFile; fileRef = EE67B94A2042F9CA00D6AFDA /* YHTransitionManager+KuGou.m */; };
		EE817A421FAC696F003AC5B6 /* AppDelegate.m in Sources */ = {isa = PBXBuildFile; fileRef = EE817A411FAC696F003AC5B6 /* AppDelegate.m */; };
		EE817A451FAC696F003AC5B6 /* ViewController.m in Sources */ = {isa = PBXBuildFile; fileRef = EE817A441FAC696F003AC5B6 /* ViewController.m */; };
		EE817A481FAC696F003AC5B6 /* Main.storyboard in Resources */ = {isa = PBXBuildFile; fileRef = EE817A461FAC696F003AC5B6 /* Main.storyboard */; };
		EE817A4A1FAC696F003AC5B6 /* Assets.xcassets in Resources */ = {isa = PBXBuildFile; fileRef = EE817A491FAC696F003AC5B6 /* Assets.xcassets */; };
		EE817A4D1FAC696F003AC5B6 /* LaunchScreen.storyboard in Resources */ = {isa = PBXBuildFile; fileRef = EE817A4B1FAC696F003AC5B6 /* LaunchScreen.storyboard */; };
		EE817A501FAC696F003AC5B6 /* main.m in Sources */ = {isa = PBXBuildFile; fileRef = EE817A4F1FAC696F003AC5B6 /* main.m */; };
		EE817A5B1FAC6CE1003AC5B6 /* DeviceList.plist in Resources */ = {isa = PBXBuildFile; fileRef = EE817A5A1FAC6CE1003AC5B6 /* DeviceList.plist */; };
		EE916C35202B1AD60028A7D4 /* UINavigationBar+YHNavigationBar.m in Sources */ = {isa = PBXBuildFile; fileRef = EE916C34202B1AD60028A7D4 /* UINavigationBar+YHNavigationBar.m */; };
		EEDC1DA21FB1BCCF00082DDA /* Test.m in Sources */ = {isa = PBXBuildFile; fileRef = EEDC1DA11FB1BCCF00082DDA /* Test.m */; };
		EEEBE157204406EE00C80A33 /* YHDrivenInteractiveTransition.m in Sources */ = {isa = PBXBuildFile; fileRef = EEEBE156204406EE00C80A33 /* YHDrivenInteractiveTransition.m */; };
		EEF924FB202C6E2E00421D56 /* YHNavigation.bundle in Resources */ = {isa = PBXBuildFile; fileRef = EEF924FA202C6E2E00421D56 /* YHNavigation.bundle */; };
		EEFB1BF11FB94CA10092DCE9 /* TestViewController.m in Sources */ = {isa = PBXBuildFile; fileRef = EEFB1BF01FB94CA10092DCE9 /* TestViewController.m */; };
		EEFBF234202D7B5600E00787 /* UIView+YHViewExtension.m in Sources */ = {isa = PBXBuildFile; fileRef = EEFBF233202D7B5600E00787 /* UIView+YHViewExtension.m */; };
/* End PBXBuildFile section */

/* Begin PBXFileReference section */
		05AB82F771419C456D1D5EAF /* Pods-YHKit_OC.debug.xcconfig */ = {isa = PBXFileReference; includeInIndex = 1; lastKnownFileType = text.xcconfig; name = "Pods-YHKit_OC.debug.xcconfig"; path = "Pods/Target Support Files/Pods-YHKit_OC/Pods-YHKit_OC.debug.xcconfig"; sourceTree = "<group>"; };
		4CB4538AE72479A1E8F3192A /* libPods-YHKit_OC.a */ = {isa = PBXFileReference; explicitFileType = archive.ar; includeInIndex = 0; path = "libPods-YHKit_OC.a"; sourceTree = BUILT_PRODUCTS_DIR; };
		58320E584C867615DB172560 /* Pods-YHKit_OC.release.xcconfig */ = {isa = PBXFileReference; includeInIndex = 1; lastKnownFileType = text.xcconfig; name = "Pods-YHKit_OC.release.xcconfig"; path = "Pods/Target Support Files/Pods-YHKit_OC/Pods-YHKit_OC.release.xcconfig"; sourceTree = "<group>"; };
		EE0EB3DB203FBCDE00643871 /* LeftMenuVC.h */ = {isa = PBXFileReference; lastKnownFileType = sourcecode.c.h; path = LeftMenuVC.h; sourceTree = "<group>"; };
		EE0EB3DC203FBCDE00643871 /* LeftMenuVC.m */ = {isa = PBXFileReference; lastKnownFileType = sourcecode.c.objc; path = LeftMenuVC.m; sourceTree = "<group>"; };
		EE0EB3DE203FF39700643871 /* RightMenuVC.h */ = {isa = PBXFileReference; lastKnownFileType = sourcecode.c.h; path = RightMenuVC.h; sourceTree = "<group>"; };
		EE0EB3DF203FF39700643871 /* RightMenuVC.m */ = {isa = PBXFileReference; lastKnownFileType = sourcecode.c.objc; path = RightMenuVC.m; sourceTree = "<group>"; };
		EE0EB3E12040005000643871 /* PushVC.h */ = {isa = PBXFileReference; lastKnownFileType = sourcecode.c.h; path = PushVC.h; sourceTree = "<group>"; };
		EE0EB3E22040005000643871 /* PushVC.m */ = {isa = PBXFileReference; lastKnownFileType = sourcecode.c.objc; path = PushVC.m; sourceTree = "<group>"; };
		EE0EB3E42040106D00643871 /* MenuPushVC.h */ = {isa = PBXFileReference; lastKnownFileType = sourcecode.c.h; path = MenuPushVC.h; sourceTree = "<group>"; };
		EE0EB3E52040106D00643871 /* MenuPushVC.m */ = {isa = PBXFileReference; lastKnownFileType = sourcecode.c.objc; path = MenuPushVC.m; sourceTree = "<group>"; };
		EE16462E20483C5B0091AF4A /* YHMBHud.h */ = {isa = PBXFileReference; fileEncoding = 4; lastKnownFileType = sourcecode.c.h; path = YHMBHud.h; sourceTree = "<group>"; };
		EE16462F20483C5B0091AF4A /* YHMBHud.m */ = {isa = PBXFileReference; fileEncoding = 4; lastKnownFileType = sourcecode.c.objc; path = YHMBHud.m; sourceTree = "<group>"; };
		EE2C2D0D202980F700009E6E /* UIBarButtonItem+YHBarButtonItem.h */ = {isa = PBXFileReference; lastKnownFileType = sourcecode.c.h; path = "UIBarButtonItem+YHBarButtonItem.h"; sourceTree = "<group>"; };
		EE2C2D0E202980F700009E6E /* UIBarButtonItem+YHBarButtonItem.m */ = {isa = PBXFileReference; lastKnownFileType = sourcecode.c.objc; path = "UIBarButtonItem+YHBarButtonItem.m"; sourceTree = "<group>"; };
		EE2C2D102029835E00009E6E /* YHBarButtonItemConfigure.h */ = {isa = PBXFileReference; lastKnownFileType = sourcecode.c.h; path = YHBarButtonItemConfigure.h; sourceTree = "<group>"; };
		EE2C2D112029835E00009E6E /* YHBarButtonItemConfigure.m */ = {isa = PBXFileReference; lastKnownFileType = sourcecode.c.objc; path = YHBarButtonItemConfigure.m; sourceTree = "<group>"; };
		EE387CC720889616005F7FA5 /* YHNavigation.xcassets */ = {isa = PBXFileReference; lastKnownFileType = folder.assetcatalog; path = YHNavigation.xcassets; sourceTree = "<group>"; };
		EE387CC9208896A7005F7FA5 /* UIImage+YHQRImage.h */ = {isa = PBXFileReference; lastKnownFileType = sourcecode.c.h; path = "UIImage+YHQRImage.h"; sourceTree = "<group>"; };
		EE387CCA208896A7005F7FA5 /* UIImage+YHQRImage.m */ = {isa = PBXFileReference; lastKnownFileType = sourcecode.c.objc; path = "UIImage+YHQRImage.m"; sourceTree = "<group>"; };
		EE43B64020200ACE00B6C2A5 /* YHSecurity.h */ = {isa = PBXFileReference; lastKnownFileType = sourcecode.c.h; path = YHSecurity.h; sourceTree = "<group>"; };
		EE43B64120200ACE00B6C2A5 /* YHSecurity.m */ = {isa = PBXFileReference; lastKnownFileType = sourcecode.c.objc; path = YHSecurity.m; sourceTree = "<group>"; };
		EE4625A220469CB800BC835B /* VC2.h */ = {isa = PBXFileReference; lastKnownFileType = sourcecode.c.h; path = VC2.h; sourceTree = "<group>"; };
		EE4625A320469CB800BC835B /* VC2.m */ = {isa = PBXFileReference; lastKnownFileType = sourcecode.c.objc; path = VC2.m; sourceTree = "<group>"; };
		EE4625A52046A9A100BC835B /* YHTransitionManager+MiddlePage.h */ = {isa = PBXFileReference; lastKnownFileType = sourcecode.c.h; path = "YHTransitionManager+MiddlePage.h"; sourceTree = "<group>"; };
		EE4625A62046A9A100BC835B /* YHTransitionManager+MiddlePage.m */ = {isa = PBXFileReference; lastKnownFileType = sourcecode.c.objc; path = "YHTransitionManager+MiddlePage.m"; sourceTree = "<group>"; };
		EE534C77202BFE2F006C9BD4 /* YHNavigationBar.h */ = {isa = PBXFileReference; lastKnownFileType = sourcecode.c.h; path = YHNavigationBar.h; sourceTree = "<group>"; };
		EE534C78202BFE2F006C9BD4 /* YHNavigationBar.m */ = {isa = PBXFileReference; lastKnownFileType = sourcecode.c.objc; path = YHNavigationBar.m; sourceTree = "<group>"; };
		EE534C7A202BFF33006C9BD4 /* YHBaseViewController.h */ = {isa = PBXFileReference; lastKnownFileType = sourcecode.c.h; path = YHBaseViewController.h; sourceTree = "<group>"; };
		EE534C7B202BFF33006C9BD4 /* YHBaseViewController.m */ = {isa = PBXFileReference; lastKnownFileType = sourcecode.c.objc; path = YHBaseViewController.m; sourceTree = "<group>"; };
		EE534C7D202C4582006C9BD4 /* CustomNaviVC.h */ = {isa = PBXFileReference; lastKnownFileType = sourcecode.c.h; path = CustomNaviVC.h; sourceTree = "<group>"; };
		EE534C7E202C4582006C9BD4 /* CustomNaviVC.m */ = {isa = PBXFileReference; lastKnownFileType = sourcecode.c.objc; path = CustomNaviVC.m; sourceTree = "<group>"; };
		EE59265520847CDA005F8428 /* YHRACMacro.h */ = {isa = PBXFileReference; lastKnownFileType = sourcecode.c.h; path = YHRACMacro.h; sourceTree = "<group>"; };
		EE6246C9200363B900D89E86 /* YHPhotoBigPreVC.h */ = {isa = PBXFileReference; fileEncoding = 4; lastKnownFileType = sourcecode.c.h; path = YHPhotoBigPreVC.h; sourceTree = "<group>"; };
		EE6246CA200363B900D89E86 /* YHPhotoBigPreVC.m */ = {isa = PBXFileReference; fileEncoding = 4; lastKnownFileType = sourcecode.c.objc; path = YHPhotoBigPreVC.m; sourceTree = "<group>"; };
		EE6246CB200363B900D89E86 /* YHPhotoBroswer.h */ = {isa = PBXFileReference; fileEncoding = 4; lastKnownFileType = sourcecode.c.h; path = YHPhotoBroswer.h; sourceTree = "<group>"; };
		EE6246CC200363B900D89E86 /* YHPhotoBroswer.m */ = {isa = PBXFileReference; fileEncoding = 4; lastKnownFileType = sourcecode.c.objc; path = YHPhotoBroswer.m; sourceTree = "<group>"; };
		EE6246CD200363B900D89E86 /* YHPhotoDetailListVC.h */ = {isa = PBXFileReference; fileEncoding = 4; lastKnownFileType = sourcecode.c.h; path = YHPhotoDetailListVC.h; sourceTree = "<group>"; };
		EE6246CE200363B900D89E86 /* YHPhotoDetailListVC.m */ = {isa = PBXFileReference; fileEncoding = 4; lastKnownFileType = sourcecode.c.objc; path = YHPhotoDetailListVC.m; sourceTree = "<group>"; };
		EE6246CF200363B900D89E86 /* YHPhotoListVC.h */ = {isa = PBXFileReference; fileEncoding = 4; lastKnownFileType = sourcecode.c.h; path = YHPhotoListVC.h; sourceTree = "<group>"; };
		EE6246D0200363B900D89E86 /* YHPhotoListVC.m */ = {isa = PBXFileReference; fileEncoding = 4; lastKnownFileType = sourcecode.c.objc; path = YHPhotoListVC.m; sourceTree = "<group>"; };
		EE6246D2200363B900D89E86 /* YHPhotoDetailModel.h */ = {isa = PBXFileReference; fileEncoding = 4; lastKnownFileType = sourcecode.c.h; path = YHPhotoDetailModel.h; sourceTree = "<group>"; };
		EE6246D3200363B900D89E86 /* YHPhotoDetailModel.m */ = {isa = PBXFileReference; fileEncoding = 4; lastKnownFileType = sourcecode.c.objc; path = YHPhotoDetailModel.m; sourceTree = "<group>"; };
		EE6246D4200363B900D89E86 /* YHPhotoListModel.h */ = {isa = PBXFileReference; fileEncoding = 4; lastKnownFileType = sourcecode.c.h; path = YHPhotoListModel.h; sourceTree = "<group>"; };
		EE6246D5200363B900D89E86 /* YHPhotoListModel.m */ = {isa = PBXFileReference; fileEncoding = 4; lastKnownFileType = sourcecode.c.objc; path = YHPhotoListModel.m; sourceTree = "<group>"; };
		EE6246D7200363B900D89E86 /* YHPhotoBroswerHeader.h */ = {isa = PBXFileReference; fileEncoding = 4; lastKnownFileType = sourcecode.c.h; path = YHPhotoBroswerHeader.h; sourceTree = "<group>"; };
		EE6246D8200363B900D89E86 /* YHPhotoManager.h */ = {isa = PBXFileReference; fileEncoding = 4; lastKnownFileType = sourcecode.c.h; path = YHPhotoManager.h; sourceTree = "<group>"; };
		EE6246D9200363B900D89E86 /* YHPhotoManager.m */ = {isa = PBXFileReference; fileEncoding = 4; lastKnownFileType = sourcecode.c.objc; path = YHPhotoManager.m; sourceTree = "<group>"; };
		EE6246DB200363B900D89E86 /* YHPhotoBigPreCell.h */ = {isa = PBXFileReference; fileEncoding = 4; lastKnownFileType = sourcecode.c.h; path = YHPhotoBigPreCell.h; sourceTree = "<group>"; };
		EE6246DC200363B900D89E86 /* YHPhotoBigPreCell.m */ = {isa = PBXFileReference; fileEncoding = 4; lastKnownFileType = sourcecode.c.objc; path = YHPhotoBigPreCell.m; sourceTree = "<group>"; };
		EE6246DD200363B900D89E86 /* YHPhotoBigPreNaviView.h */ = {isa = PBXFileReference; fileEncoding = 4; lastKnownFileType = sourcecode.c.h; path = YHPhotoBigPreNaviView.h; sourceTree = "<group>"; };
		EE6246DE200363B900D89E86 /* YHPhotoBigPreNaviView.m */ = {isa = PBXFileReference; fileEncoding = 4; lastKnownFileType = sourcecode.c.objc; path = YHPhotoBigPreNaviView.m; sourceTree = "<group>"; };
		EE6246DF200363B900D89E86 /* YHPhotoBroswerDetailCell.h */ = {isa = PBXFileReference; fileEncoding = 4; lastKnownFileType = sourcecode.c.h; path = YHPhotoBroswerDetailCell.h; sourceTree = "<group>"; };
		EE6246E0200363B900D89E86 /* YHPhotoBroswerDetailCell.m */ = {isa = PBXFileReference; fileEncoding = 4; lastKnownFileType = sourcecode.c.objc; path = YHPhotoBroswerDetailCell.m; sourceTree = "<group>"; };
		EE6246E1200363B900D89E86 /* YHPhotoBroswerListCell.h */ = {isa = PBXFileReference; fileEncoding = 4; lastKnownFileType = sourcecode.c.h; path = YHPhotoBroswerListCell.h; sourceTree = "<group>"; };
		EE6246E2200363B900D89E86 /* YHPhotoBroswerListCell.m */ = {isa = PBXFileReference; fileEncoding = 4; lastKnownFileType = sourcecode.c.objc; path = YHPhotoBroswerListCell.m; sourceTree = "<group>"; };
		EE6246E3200363B900D89E86 /* YHPhotoDetailBottomView.h */ = {isa = PBXFileReference; fileEncoding = 4; lastKnownFileType = sourcecode.c.h; path = YHPhotoDetailBottomView.h; sourceTree = "<group>"; };
		EE6246E4200363B900D89E86 /* YHPhotoDetailBottomView.m */ = {isa = PBXFileReference; fileEncoding = 4; lastKnownFileType = sourcecode.c.objc; path = YHPhotoDetailBottomView.m; sourceTree = "<group>"; };
		EE6246E5200363B900D89E86 /* YHAlbumAssets.xcassets */ = {isa = PBXFileReference; lastKnownFileType = folder.assetcatalog; path = YHAlbumAssets.xcassets; sourceTree = "<group>"; };
		EE6246E6200363B900D89E86 /* YHPhotoBroswer.strings */ = {isa = PBXFileReference; fileEncoding = 4; lastKnownFileType = text.plist.strings; path = YHPhotoBroswer.strings; sourceTree = "<group>"; };
		EE6246E8200363B900D89E86 /* YHAlertController.h */ = {isa = PBXFileReference; fileEncoding = 4; lastKnownFileType = sourcecode.c.h; path = YHAlertController.h; sourceTree = "<group>"; };
		EE6246E9200363B900D89E86 /* YHAlertController.m */ = {isa = PBXFileReference; fileEncoding = 4; lastKnownFileType = sourcecode.c.objc; path = YHAlertController.m; sourceTree = "<group>"; };
		EE6246EB200363B900D89E86 /* NSObject+YHAuthorization.h */ = {isa = PBXFileReference; fileEncoding = 4; lastKnownFileType = sourcecode.c.h; path = "NSObject+YHAuthorization.h"; sourceTree = "<group>"; };
		EE6246EC200363B900D89E86 /* NSObject+YHAuthorization.m */ = {isa = PBXFileReference; fileEncoding = 4; lastKnownFileType = sourcecode.c.objc; path = "NSObject+YHAuthorization.m"; sourceTree = "<group>"; };
		EE6246ED200363B900D89E86 /* YHNotification.h */ = {isa = PBXFileReference; fileEncoding = 4; lastKnownFileType = sourcecode.c.h; path = YHNotification.h; sourceTree = "<group>"; };
		EE6246EE200363B900D89E86 /* YHNotification.m */ = {isa = PBXFileReference; fileEncoding = 4; lastKnownFileType = sourcecode.c.objc; path = YHNotification.m; sourceTree = "<group>"; };
		EE6246F0200363B900D89E86 /* UIViewController+YHCustomNaviBar.h */ = {isa = PBXFileReference; fileEncoding = 4; lastKnownFileType = sourcecode.c.h; path = "UIViewController+YHCustomNaviBar.h"; sourceTree = "<group>"; };
		EE6246F1200363B900D89E86 /* UIViewController+YHCustomNaviBar.m */ = {isa = PBXFileReference; fileEncoding = 4; lastKnownFileType = sourcecode.c.objc; path = "UIViewController+YHCustomNaviBar.m"; sourceTree = "<group>"; };
		EE6246F3200363B900D89E86 /* NSData+YHData.h */ = {isa = PBXFileReference; fileEncoding = 4; lastKnownFileType = sourcecode.c.h; path = "NSData+YHData.h"; sourceTree = "<group>"; };
		EE6246F4200363B900D89E86 /* NSData+YHData.m */ = {isa = PBXFileReference; fileEncoding = 4; lastKnownFileType = sourcecode.c.objc; path = "NSData+YHData.m"; sourceTree = "<group>"; };
		EE6246F6200363B900D89E86 /* YHDeviceUtil.h */ = {isa = PBXFileReference; fileEncoding = 4; lastKnownFileType = sourcecode.c.h; path = YHDeviceUtil.h; sourceTree = "<group>"; };
		EE6246F7200363B900D89E86 /* YHDeviceUtil.m */ = {isa = PBXFileReference; fileEncoding = 4; lastKnownFileType = sourcecode.c.objc; path = YHDeviceUtil.m; sourceTree = "<group>"; };
		EE6246F9200363B900D89E86 /* YHDrawerVC.h */ = {isa = PBXFileReference; fileEncoding = 4; lastKnownFileType = sourcecode.c.h; path = YHDrawerVC.h; sourceTree = "<group>"; };
		EE6246FA200363B900D89E86 /* YHDrawerVC.m */ = {isa = PBXFileReference; fileEncoding = 4; lastKnownFileType = sourcecode.c.objc; path = YHDrawerVC.m; sourceTree = "<group>"; };
		EE6246FC200363B900D89E86 /* UIImage+YHColorToImage.h */ = {isa = PBXFileReference; fileEncoding = 4; lastKnownFileType = sourcecode.c.h; path = "UIImage+YHColorToImage.h"; sourceTree = "<group>"; };
		EE6246FD200363B900D89E86 /* UIImage+YHColorToImage.m */ = {isa = PBXFileReference; fileEncoding = 4; lastKnownFileType = sourcecode.c.objc; path = "UIImage+YHColorToImage.m"; sourceTree = "<group>"; };
		EE6246FF200363B900D89E86 /* YHColorMacro.h */ = {isa = PBXFileReference; fileEncoding = 4; lastKnownFileType = sourcecode.c.h; path = YHColorMacro.h; sourceTree = "<group>"; };
		EE624700200363B900D89E86 /* YHDebugMacro.h */ = {isa = PBXFileReference; fileEncoding = 4; lastKnownFileType = sourcecode.c.h; path = YHDebugMacro.h; sourceTree = "<group>"; };
		EE624701200363B900D89E86 /* YHDeviceMacro.h */ = {isa = PBXFileReference; fileEncoding = 4; lastKnownFileType = sourcecode.c.h; path = YHDeviceMacro.h; sourceTree = "<group>"; };
		EE624702200363B900D89E86 /* YHMacroHeader.h */ = {isa = PBXFileReference; fileEncoding = 4; lastKnownFileType = sourcecode.c.h; path = YHMacroHeader.h; sourceTree = "<group>"; };
		EE624703200363B900D89E86 /* YHOtherMacro.h */ = {isa = PBXFileReference; fileEncoding = 4; lastKnownFileType = sourcecode.c.h; path = YHOtherMacro.h; sourceTree = "<group>"; };
		EE624704200363B900D89E86 /* YHRuntimeMacro.h */ = {isa = PBXFileReference; fileEncoding = 4; lastKnownFileType = sourcecode.c.h; path = YHRuntimeMacro.h; sourceTree = "<group>"; };
		EE624705200363B900D89E86 /* YHSizeMacro.h */ = {isa = PBXFileReference; fileEncoding = 4; lastKnownFileType = sourcecode.c.h; path = YHSizeMacro.h; sourceTree = "<group>"; };
		EE624706200363B900D89E86 /* YHThreadMacro.h */ = {isa = PBXFileReference; fileEncoding = 4; lastKnownFileType = sourcecode.c.h; path = YHThreadMacro.h; sourceTree = "<group>"; };
		EE62470B200363B900D89E86 /* YHNet.h */ = {isa = PBXFileReference; fileEncoding = 4; lastKnownFileType = sourcecode.c.h; path = YHNet.h; sourceTree = "<group>"; };
		EE62470C200363B900D89E86 /* YHNet.m */ = {isa = PBXFileReference; fileEncoding = 4; lastKnownFileType = sourcecode.c.objc; path = YHNet.m; sourceTree = "<group>"; };
		EE62470E200363B900D89E86 /* NSString+YHExchange.h */ = {isa = PBXFileReference; fileEncoding = 4; lastKnownFileType = sourcecode.c.h; path = "NSString+YHExchange.h"; sourceTree = "<group>"; };
		EE62470F200363B900D89E86 /* NSString+YHExchange.m */ = {isa = PBXFileReference; fileEncoding = 4; lastKnownFileType = sourcecode.c.objc; path = "NSString+YHExchange.m"; sourceTree = "<group>"; };
		EE624710200363B900D89E86 /* NSString+YHValid.h */ = {isa = PBXFileReference; fileEncoding = 4; lastKnownFileType = sourcecode.c.h; path = "NSString+YHValid.h"; sourceTree = "<group>"; };
		EE624711200363B900D89E86 /* NSString+YHValid.m */ = {isa = PBXFileReference; fileEncoding = 4; lastKnownFileType = sourcecode.c.objc; path = "NSString+YHValid.m"; sourceTree = "<group>"; };
		EE624713200363B900D89E86 /* UIViewController+YHSystemPhoto.h */ = {isa = PBXFileReference; fileEncoding = 4; lastKnownFileType = sourcecode.c.h; path = "UIViewController+YHSystemPhoto.h"; sourceTree = "<group>"; };
		EE624714200363B900D89E86 /* UIViewController+YHSystemPhoto.m */ = {isa = PBXFileReference; fileEncoding = 4; lastKnownFileType = sourcecode.c.objc; path = "UIViewController+YHSystemPhoto.m"; sourceTree = "<group>"; };
		EE624715200363B900D89E86 /* YHKit_OC.h */ = {isa = PBXFileReference; fileEncoding = 4; lastKnownFileType = sourcecode.c.h; path = YHKit_OC.h; sourceTree = "<group>"; };
		EE627EB82042470D00946252 /* YHTransitionConfig.h */ = {isa = PBXFileReference; lastKnownFileType = sourcecode.c.h; path = YHTransitionConfig.h; sourceTree = "<group>"; };
		EE627EB920425C9500946252 /* YHTransitionManager.h */ = {isa = PBXFileReference; lastKnownFileType = sourcecode.c.h; path = YHTransitionManager.h; sourceTree = "<group>"; };
		EE627EBA20425C9500946252 /* YHTransitionManager.m */ = {isa = PBXFileReference; lastKnownFileType = sourcecode.c.objc; path = YHTransitionManager.m; sourceTree = "<group>"; };
		EE627EBC20425F9000946252 /* VC1.h */ = {isa = PBXFileReference; lastKnownFileType = sourcecode.c.h; path = VC1.h; sourceTree = "<group>"; };
		EE627EBD20425F9000946252 /* VC1.m */ = {isa = PBXFileReference; lastKnownFileType = sourcecode.c.objc; path = VC1.m; sourceTree = "<group>"; };
		EE627ED120429D7500946252 /* UIViewController+YHTransition.h */ = {isa = PBXFileReference; lastKnownFileType = sourcecode.c.h; path = "UIViewController+YHTransition.h"; sourceTree = "<group>"; };
		EE627ED220429D7500946252 /* UIViewController+YHTransition.m */ = {isa = PBXFileReference; lastKnownFileType = sourcecode.c.objc; path = "UIViewController+YHTransition.m"; sourceTree = "<group>"; };
		EE627ED42042A24700946252 /* YHTransitionManager+System.h */ = {isa = PBXFileReference; lastKnownFileType = sourcecode.c.h; path = "YHTransitionManager+System.h"; sourceTree = "<group>"; };
		EE627ED52042A24700946252 /* YHTransitionManager+System.m */ = {isa = PBXFileReference; lastKnownFileType = sourcecode.c.objc; path = "YHTransitionManager+System.m"; sourceTree = "<group>"; };
		EE627ED72042A25000946252 /* YHTransitionManager+Scale.h */ = {isa = PBXFileReference; lastKnownFileType = sourcecode.c.h; path = "YHTransitionManager+Scale.h"; sourceTree = "<group>"; };
		EE627ED82042A25000946252 /* YHTransitionManager+Scale.m */ = {isa = PBXFileReference; lastKnownFileType = sourcecode.c.objc; path = "YHTransitionManager+Scale.m"; sourceTree = "<group>"; };
		EE627EDA2042A41A00946252 /* YHTransition.h */ = {isa = PBXFileReference; lastKnownFileType = sourcecode.c.h; path = YHTransition.h; sourceTree = "<group>"; };
		EE627EDB2042A60E00946252 /* YHTransitionManager+Public.h */ = {isa = PBXFileReference; lastKnownFileType = sourcecode.c.h; path = "YHTransitionManager+Public.h"; sourceTree = "<group>"; };
		EE627EDC2042A60E00946252 /* YHTransitionManager+Public.m */ = {isa = PBXFileReference; lastKnownFileType = sourcecode.c.objc; path = "YHTransitionManager+Public.m"; sourceTree = "<group>"; };
		EE67B9492042F9CA00D6AFDA /* YHTransitionManager+KuGou.h */ = {isa = PBXFileReference; lastKnownFileType = sourcecode.c.h; path = "YHTransitionManager+KuGou.h"; sourceTree = "<group>"; };
		EE67B94A2042F9CA00D6AFDA /* YHTransitionManager+KuGou.m */ = {isa = PBXFileReference; lastKnownFileType = sourcecode.c.objc; path = "YHTransitionManager+KuGou.m"; sourceTree = "<group>"; };
		EE817A3D1FAC696F003AC5B6 /* YHKit_OC.app */ = {isa = PBXFileReference; explicitFileType = wrapper.application; includeInIndex = 0; path = YHKit_OC.app; sourceTree = BUILT_PRODUCTS_DIR; };
		EE817A401FAC696F003AC5B6 /* AppDelegate.h */ = {isa = PBXFileReference; lastKnownFileType = sourcecode.c.h; path = AppDelegate.h; sourceTree = "<group>"; };
		EE817A411FAC696F003AC5B6 /* AppDelegate.m */ = {isa = PBXFileReference; lastKnownFileType = sourcecode.c.objc; path = AppDelegate.m; sourceTree = "<group>"; };
		EE817A431FAC696F003AC5B6 /* ViewController.h */ = {isa = PBXFileReference; lastKnownFileType = sourcecode.c.h; path = ViewController.h; sourceTree = "<group>"; };
		EE817A441FAC696F003AC5B6 /* ViewController.m */ = {isa = PBXFileReference; lastKnownFileType = sourcecode.c.objc; path = ViewController.m; sourceTree = "<group>"; };
		EE817A471FAC696F003AC5B6 /* Base */ = {isa = PBXFileReference; lastKnownFileType = file.storyboard; name = Base; path = Base.lproj/Main.storyboard; sourceTree = "<group>"; };
		EE817A491FAC696F003AC5B6 /* Assets.xcassets */ = {isa = PBXFileReference; lastKnownFileType = folder.assetcatalog; path = Assets.xcassets; sourceTree = "<group>"; };
		EE817A4C1FAC696F003AC5B6 /* Base */ = {isa = PBXFileReference; lastKnownFileType = file.storyboard; name = Base; path = Base.lproj/LaunchScreen.storyboard; sourceTree = "<group>"; };
		EE817A4E1FAC696F003AC5B6 /* Info.plist */ = {isa = PBXFileReference; lastKnownFileType = text.plist.xml; path = Info.plist; sourceTree = "<group>"; };
		EE817A4F1FAC696F003AC5B6 /* main.m */ = {isa = PBXFileReference; lastKnownFileType = sourcecode.c.objc; path = main.m; sourceTree = "<group>"; };
		EE817A5A1FAC6CE1003AC5B6 /* DeviceList.plist */ = {isa = PBXFileReference; fileEncoding = 4; lastKnownFileType = text.plist.xml; path = DeviceList.plist; sourceTree = "<group>"; };
		EE916C33202B1AD60028A7D4 /* UINavigationBar+YHNavigationBar.h */ = {isa = PBXFileReference; lastKnownFileType = sourcecode.c.h; path = "UINavigationBar+YHNavigationBar.h"; sourceTree = "<group>"; };
		EE916C34202B1AD60028A7D4 /* UINavigationBar+YHNavigationBar.m */ = {isa = PBXFileReference; lastKnownFileType = sourcecode.c.objc; path = "UINavigationBar+YHNavigationBar.m"; sourceTree = "<group>"; };
		EEDC1DA01FB1BCCF00082DDA /* Test.h */ = {isa = PBXFileReference; lastKnownFileType = sourcecode.c.h; path = Test.h; sourceTree = "<group>"; };
		EEDC1DA11FB1BCCF00082DDA /* Test.m */ = {isa = PBXFileReference; lastKnownFileType = sourcecode.c.objc; path = Test.m; sourceTree = "<group>"; };
		EEEBE155204406EE00C80A33 /* YHDrivenInteractiveTransition.h */ = {isa = PBXFileReference; lastKnownFileType = sourcecode.c.h; path = YHDrivenInteractiveTransition.h; sourceTree = "<group>"; };
		EEEBE156204406EE00C80A33 /* YHDrivenInteractiveTransition.m */ = {isa = PBXFileReference; lastKnownFileType = sourcecode.c.objc; path = YHDrivenInteractiveTransition.m; sourceTree = "<group>"; };
		EEF924FA202C6E2E00421D56 /* YHNavigation.bundle */ = {isa = PBXFileReference; lastKnownFileType = "wrapper.plug-in"; path = YHNavigation.bundle; sourceTree = "<group>"; };
		EEF924FC202C6F2C00421D56 /* YHBundleMacro.h */ = {isa = PBXFileReference; lastKnownFileType = sourcecode.c.h; path = YHBundleMacro.h; sourceTree = "<group>"; };
		EEFB1BEF1FB94CA10092DCE9 /* TestViewController.h */ = {isa = PBXFileReference; lastKnownFileType = sourcecode.c.h; path = TestViewController.h; sourceTree = "<group>"; };
		EEFB1BF01FB94CA10092DCE9 /* TestViewController.m */ = {isa = PBXFileReference; lastKnownFileType = sourcecode.c.objc; path = TestViewController.m; sourceTree = "<group>"; };
		EEFBF232202D7B5600E00787 /* UIView+YHViewExtension.h */ = {isa = PBXFileReference; lastKnownFileType = sourcecode.c.h; path = "UIView+YHViewExtension.h"; sourceTree = "<group>"; };
		EEFBF233202D7B5600E00787 /* UIView+YHViewExtension.m */ = {isa = PBXFileReference; lastKnownFileType = sourcecode.c.objc; path = "UIView+YHViewExtension.m"; sourceTree = "<group>"; };
		EEFF525C1FC17B4400B706EA /* YHKit_OC.entitlements */ = {isa = PBXFileReference; lastKnownFileType = text.plist.entitlements; path = YHKit_OC.entitlements; sourceTree = "<group>"; };
/* End PBXFileReference section */

/* Begin PBXFrameworksBuildPhase section */
		EE817A3A1FAC696F003AC5B6 /* Frameworks */ = {
			isa = PBXFrameworksBuildPhase;
			buildActionMask = 2147483647;
			files = (
				42D612DCC3D3CB9D7092342A /* libPods-YHKit_OC.a in Frameworks */,
			);
			runOnlyForDeploymentPostprocessing = 0;
		};
/* End PBXFrameworksBuildPhase section */

/* Begin PBXGroup section */
		697F7A191AACFBDE821B3017 /* Pods */ = {
			isa = PBXGroup;
			children = (
				05AB82F771419C456D1D5EAF /* Pods-YHKit_OC.debug.xcconfig */,
				58320E584C867615DB172560 /* Pods-YHKit_OC.release.xcconfig */,
			);
			name = Pods;
			sourceTree = "<group>";
		};
		A6912D1D222C4929C6A84340 /* Frameworks */ = {
			isa = PBXGroup;
			children = (
				4CB4538AE72479A1E8F3192A /* libPods-YHKit_OC.a */,
			);
			name = Frameworks;
			sourceTree = "<group>";
		};
		EE16462C20483C5B0091AF4A /* HUD */ = {
			isa = PBXGroup;
			children = (
				EE16462D20483C5B0091AF4A /* MB_HUD */,
			);
			path = HUD;
			sourceTree = "<group>";
		};
		EE16462D20483C5B0091AF4A /* MB_HUD */ = {
			isa = PBXGroup;
			children = (
				EE16462E20483C5B0091AF4A /* YHMBHud.h */,
				EE16462F20483C5B0091AF4A /* YHMBHud.m */,
			);
			path = MB_HUD;
			sourceTree = "<group>";
		};
		EE43B63F20200ABA00B6C2A5 /* DataSecurity */ = {
			isa = PBXGroup;
			children = (
				EE43B64020200ACE00B6C2A5 /* YHSecurity.h */,
				EE43B64120200ACE00B6C2A5 /* YHSecurity.m */,
			);
			path = DataSecurity;
			sourceTree = "<group>";
		};
		EE6246C6200363B900D89E86 /* YHKit_OC */ = {
			isa = PBXGroup;
			children = (
				EE16462C20483C5B0091AF4A /* HUD */,
				EE627EB42042465100946252 /* YHTransition */,
				EEFBF231202D7B2D00E00787 /* View_Category */,
				EE43B63F20200ABA00B6C2A5 /* DataSecurity */,
				EE6246C7200363B900D89E86 /* Album */,
				EE6246E7200363B900D89E86 /* Alert */,
				EE6246EA200363B900D89E86 /* Authorization */,
				EE6246EF200363B900D89E86 /* CustomNaviBar */,
				EE6246F2200363B900D89E86 /* Data_Category */,
				EE6246F5200363B900D89E86 /* Device */,
				EE6246F8200363B900D89E86 /* Drawer */,
				EE6246FB200363B900D89E86 /* Image_Category */,
				EE6246FE200363B900D89E86 /* Macro */,
				EE62470A200363B900D89E86 /* Network */,
				EE62470D200363B900D89E86 /* String_Category */,
				EE624712200363B900D89E86 /* SystemPhoto */,
				EE624715200363B900D89E86 /* YHKit_OC.h */,
			);
			path = YHKit_OC;
			sourceTree = "<group>";
		};
		EE6246C7200363B900D89E86 /* Album */ = {
			isa = PBXGroup;
			children = (
				EE6246C8200363B900D89E86 /* Controller */,
				EE6246D1200363B900D89E86 /* Model */,
				EE6246D6200363B900D89E86 /* Tool */,
				EE6246DA200363B900D89E86 /* View */,
				EE6246E5200363B900D89E86 /* YHAlbumAssets.xcassets */,
				EE6246E6200363B900D89E86 /* YHPhotoBroswer.strings */,
			);
			path = Album;
			sourceTree = "<group>";
		};
		EE6246C8200363B900D89E86 /* Controller */ = {
			isa = PBXGroup;
			children = (
				EE6246C9200363B900D89E86 /* YHPhotoBigPreVC.h */,
				EE6246CA200363B900D89E86 /* YHPhotoBigPreVC.m */,
				EE6246CB200363B900D89E86 /* YHPhotoBroswer.h */,
				EE6246CC200363B900D89E86 /* YHPhotoBroswer.m */,
				EE6246CD200363B900D89E86 /* YHPhotoDetailListVC.h */,
				EE6246CE200363B900D89E86 /* YHPhotoDetailListVC.m */,
				EE6246CF200363B900D89E86 /* YHPhotoListVC.h */,
				EE6246D0200363B900D89E86 /* YHPhotoListVC.m */,
			);
			path = Controller;
			sourceTree = "<group>";
		};
		EE6246D1200363B900D89E86 /* Model */ = {
			isa = PBXGroup;
			children = (
				EE6246D2200363B900D89E86 /* YHPhotoDetailModel.h */,
				EE6246D3200363B900D89E86 /* YHPhotoDetailModel.m */,
				EE6246D4200363B900D89E86 /* YHPhotoListModel.h */,
				EE6246D5200363B900D89E86 /* YHPhotoListModel.m */,
			);
			path = Model;
			sourceTree = "<group>";
		};
		EE6246D6200363B900D89E86 /* Tool */ = {
			isa = PBXGroup;
			children = (
				EE6246D7200363B900D89E86 /* YHPhotoBroswerHeader.h */,
				EE6246D8200363B900D89E86 /* YHPhotoManager.h */,
				EE6246D9200363B900D89E86 /* YHPhotoManager.m */,
			);
			path = Tool;
			sourceTree = "<group>";
		};
		EE6246DA200363B900D89E86 /* View */ = {
			isa = PBXGroup;
			children = (
				EE6246DB200363B900D89E86 /* YHPhotoBigPreCell.h */,
				EE6246DC200363B900D89E86 /* YHPhotoBigPreCell.m */,
				EE6246DD200363B900D89E86 /* YHPhotoBigPreNaviView.h */,
				EE6246DE200363B900D89E86 /* YHPhotoBigPreNaviView.m */,
				EE6246DF200363B900D89E86 /* YHPhotoBroswerDetailCell.h */,
				EE6246E0200363B900D89E86 /* YHPhotoBroswerDetailCell.m */,
				EE6246E1200363B900D89E86 /* YHPhotoBroswerListCell.h */,
				EE6246E2200363B900D89E86 /* YHPhotoBroswerListCell.m */,
				EE6246E3200363B900D89E86 /* YHPhotoDetailBottomView.h */,
				EE6246E4200363B900D89E86 /* YHPhotoDetailBottomView.m */,
			);
			path = View;
			sourceTree = "<group>";
		};
		EE6246E7200363B900D89E86 /* Alert */ = {
			isa = PBXGroup;
			children = (
				EE6246E8200363B900D89E86 /* YHAlertController.h */,
				EE6246E9200363B900D89E86 /* YHAlertController.m */,
			);
			path = Alert;
			sourceTree = "<group>";
		};
		EE6246EA200363B900D89E86 /* Authorization */ = {
			isa = PBXGroup;
			children = (
				EE6246EB200363B900D89E86 /* NSObject+YHAuthorization.h */,
				EE6246EC200363B900D89E86 /* NSObject+YHAuthorization.m */,
				EE6246ED200363B900D89E86 /* YHNotification.h */,
				EE6246EE200363B900D89E86 /* YHNotification.m */,
			);
			path = Authorization;
			sourceTree = "<group>";
		};
		EE6246EF200363B900D89E86 /* CustomNaviBar */ = {
			isa = PBXGroup;
			children = (
				EE6246F0200363B900D89E86 /* UIViewController+YHCustomNaviBar.h */,
				EE6246F1200363B900D89E86 /* UIViewController+YHCustomNaviBar.m */,
				EE2C2D102029835E00009E6E /* YHBarButtonItemConfigure.h */,
				EE2C2D112029835E00009E6E /* YHBarButtonItemConfigure.m */,
				EE2C2D0D202980F700009E6E /* UIBarButtonItem+YHBarButtonItem.h */,
				EE2C2D0E202980F700009E6E /* UIBarButtonItem+YHBarButtonItem.m */,
				EE916C33202B1AD60028A7D4 /* UINavigationBar+YHNavigationBar.h */,
				EE916C34202B1AD60028A7D4 /* UINavigationBar+YHNavigationBar.m */,
				EE534C77202BFE2F006C9BD4 /* YHNavigationBar.h */,
				EE534C78202BFE2F006C9BD4 /* YHNavigationBar.m */,
				EE534C7A202BFF33006C9BD4 /* YHBaseViewController.h */,
				EE534C7B202BFF33006C9BD4 /* YHBaseViewController.m */,
				EE387CC720889616005F7FA5 /* YHNavigation.xcassets */,
				EEF924FA202C6E2E00421D56 /* YHNavigation.bundle */,
			);
			path = CustomNaviBar;
			sourceTree = "<group>";
		};
		EE6246F2200363B900D89E86 /* Data_Category */ = {
			isa = PBXGroup;
			children = (
				EE6246F3200363B900D89E86 /* NSData+YHData.h */,
				EE6246F4200363B900D89E86 /* NSData+YHData.m */,
			);
			path = Data_Category;
			sourceTree = "<group>";
		};
		EE6246F5200363B900D89E86 /* Device */ = {
			isa = PBXGroup;
			children = (
				EE6246F6200363B900D89E86 /* YHDeviceUtil.h */,
				EE6246F7200363B900D89E86 /* YHDeviceUtil.m */,
			);
			path = Device;
			sourceTree = "<group>";
		};
		EE6246F8200363B900D89E86 /* Drawer */ = {
			isa = PBXGroup;
			children = (
				EE6246F9200363B900D89E86 /* YHDrawerVC.h */,
				EE6246FA200363B900D89E86 /* YHDrawerVC.m */,
			);
			path = Drawer;
			sourceTree = "<group>";
		};
		EE6246FB200363B900D89E86 /* Image_Category */ = {
			isa = PBXGroup;
			children = (
				EE6246FC200363B900D89E86 /* UIImage+YHColorToImage.h */,
				EE6246FD200363B900D89E86 /* UIImage+YHColorToImage.m */,
				EE387CC9208896A7005F7FA5 /* UIImage+YHQRImage.h */,
				EE387CCA208896A7005F7FA5 /* UIImage+YHQRImage.m */,
			);
			path = Image_Category;
			sourceTree = "<group>";
		};
		EE6246FE200363B900D89E86 /* Macro */ = {
			isa = PBXGroup;
			children = (
				EE6246FF200363B900D89E86 /* YHColorMacro.h */,
				EE624700200363B900D89E86 /* YHDebugMacro.h */,
				EE624701200363B900D89E86 /* YHDeviceMacro.h */,
				EE624702200363B900D89E86 /* YHMacroHeader.h */,
				EE624703200363B900D89E86 /* YHOtherMacro.h */,
				EE624704200363B900D89E86 /* YHRuntimeMacro.h */,
				EE624705200363B900D89E86 /* YHSizeMacro.h */,
				EE624706200363B900D89E86 /* YHThreadMacro.h */,
				EEF924FC202C6F2C00421D56 /* YHBundleMacro.h */,
				EE59265520847CDA005F8428 /* YHRACMacro.h */,
			);
			path = Macro;
			sourceTree = "<group>";
		};
		EE62470A200363B900D89E86 /* Network */ = {
			isa = PBXGroup;
			children = (
				EE62470B200363B900D89E86 /* YHNet.h */,
				EE62470C200363B900D89E86 /* YHNet.m */,
			);
			path = Network;
			sourceTree = "<group>";
		};
		EE62470D200363B900D89E86 /* String_Category */ = {
			isa = PBXGroup;
			children = (
				EE62470E200363B900D89E86 /* NSString+YHExchange.h */,
				EE62470F200363B900D89E86 /* NSString+YHExchange.m */,
				EE624710200363B900D89E86 /* NSString+YHValid.h */,
				EE624711200363B900D89E86 /* NSString+YHValid.m */,
			);
			path = String_Category;
			sourceTree = "<group>";
		};
		EE624712200363B900D89E86 /* SystemPhoto */ = {
			isa = PBXGroup;
			children = (
				EE624713200363B900D89E86 /* UIViewController+YHSystemPhoto.h */,
				EE624714200363B900D89E86 /* UIViewController+YHSystemPhoto.m */,
			);
			path = SystemPhoto;
			sourceTree = "<group>";
		};
		EE627EB42042465100946252 /* YHTransition */ = {
			isa = PBXGroup;
			children = (
				EE627ED120429D7500946252 /* UIViewController+YHTransition.h */,
				EE627ED220429D7500946252 /* UIViewController+YHTransition.m */,
				EEEBE155204406EE00C80A33 /* YHDrivenInteractiveTransition.h */,
				EEEBE156204406EE00C80A33 /* YHDrivenInteractiveTransition.m */,
				EE627EB920425C9500946252 /* YHTransitionManager.h */,
				EE627EBA20425C9500946252 /* YHTransitionManager.m */,
				EE627ED42042A24700946252 /* YHTransitionManager+System.h */,
				EE627ED52042A24700946252 /* YHTransitionManager+System.m */,
				EE627ED72042A25000946252 /* YHTransitionManager+Scale.h */,
				EE627ED82042A25000946252 /* YHTransitionManager+Scale.m */,
				EE67B9492042F9CA00D6AFDA /* YHTransitionManager+KuGou.h */,
				EE67B94A2042F9CA00D6AFDA /* YHTransitionManager+KuGou.m */,
				EE4625A52046A9A100BC835B /* YHTransitionManager+MiddlePage.h */,
				EE4625A62046A9A100BC835B /* YHTransitionManager+MiddlePage.m */,
				EE627EDB2042A60E00946252 /* YHTransitionManager+Public.h */,
				EE627EDC2042A60E00946252 /* YHTransitionManager+Public.m */,
				EE627EB82042470D00946252 /* YHTransitionConfig.h */,
				EE627EDA2042A41A00946252 /* YHTransition.h */,
			);
			path = YHTransition;
			sourceTree = "<group>";
		};
		EE817A341FAC696F003AC5B6 = {
			isa = PBXGroup;
			children = (
				EE817A3F1FAC696F003AC5B6 /* YHKit_OC */,
				EE817A3E1FAC696F003AC5B6 /* Products */,
				697F7A191AACFBDE821B3017 /* Pods */,
				A6912D1D222C4929C6A84340 /* Frameworks */,
			);
			sourceTree = "<group>";
		};
		EE817A3E1FAC696F003AC5B6 /* Products */ = {
			isa = PBXGroup;
			children = (
				EE817A3D1FAC696F003AC5B6 /* YHKit_OC.app */,
			);
			name = Products;
			sourceTree = "<group>";
		};
		EE817A3F1FAC696F003AC5B6 /* YHKit_OC */ = {
			isa = PBXGroup;
			children = (
				EEFF525C1FC17B4400B706EA /* YHKit_OC.entitlements */,
				EE817A401FAC696F003AC5B6 /* AppDelegate.h */,
				EE817A411FAC696F003AC5B6 /* AppDelegate.m */,
				EE817A431FAC696F003AC5B6 /* ViewController.h */,
				EE817A441FAC696F003AC5B6 /* ViewController.m */,
				EEFB1BEF1FB94CA10092DCE9 /* TestViewController.h */,
				EEFB1BF01FB94CA10092DCE9 /* TestViewController.m */,
				EEDC1DA01FB1BCCF00082DDA /* Test.h */,
				EEDC1DA11FB1BCCF00082DDA /* Test.m */,
				EE534C7D202C4582006C9BD4 /* CustomNaviVC.h */,
				EE534C7E202C4582006C9BD4 /* CustomNaviVC.m */,
				EE0EB3DB203FBCDE00643871 /* LeftMenuVC.h */,
				EE0EB3DC203FBCDE00643871 /* LeftMenuVC.m */,
				EE0EB3DE203FF39700643871 /* RightMenuVC.h */,
				EE0EB3DF203FF39700643871 /* RightMenuVC.m */,
				EE0EB3E12040005000643871 /* PushVC.h */,
				EE0EB3E22040005000643871 /* PushVC.m */,
				EE0EB3E42040106D00643871 /* MenuPushVC.h */,
				EE0EB3E52040106D00643871 /* MenuPushVC.m */,
				EE627EBC20425F9000946252 /* VC1.h */,
				EE627EBD20425F9000946252 /* VC1.m */,
				EE4625A220469CB800BC835B /* VC2.h */,
				EE4625A320469CB800BC835B /* VC2.m */,
				EE6246C6200363B900D89E86 /* YHKit_OC */,
				EE817A5A1FAC6CE1003AC5B6 /* DeviceList.plist */,
				EE817A461FAC696F003AC5B6 /* Main.storyboard */,
				EE817A491FAC696F003AC5B6 /* Assets.xcassets */,
				EE817A4B1FAC696F003AC5B6 /* LaunchScreen.storyboard */,
				EE817A4E1FAC696F003AC5B6 /* Info.plist */,
				EE817A4F1FAC696F003AC5B6 /* main.m */,
			);
			path = YHKit_OC;
			sourceTree = "<group>";
		};
		EEFBF231202D7B2D00E00787 /* View_Category */ = {
			isa = PBXGroup;
			children = (
				EEFBF232202D7B5600E00787 /* UIView+YHViewExtension.h */,
				EEFBF233202D7B5600E00787 /* UIView+YHViewExtension.m */,
			);
			path = View_Category;
			sourceTree = "<group>";
		};
/* End PBXGroup section */

/* Begin PBXNativeTarget section */
		EE817A3C1FAC696F003AC5B6 /* YHKit_OC */ = {
			isa = PBXNativeTarget;
			buildConfigurationList = EE817A531FAC696F003AC5B6 /* Build configuration list for PBXNativeTarget "YHKit_OC" */;
			buildPhases = (
				D72CF5956E723522CFDE2E24 /* [CP] Check Pods Manifest.lock */,
				EE817A391FAC696F003AC5B6 /* Sources */,
				EE817A3A1FAC696F003AC5B6 /* Frameworks */,
				EE817A3B1FAC696F003AC5B6 /* Resources */,
				A0785BC865442F8114053EB0 /* [CP] Embed Pods Frameworks */,
				9E30497E026032C15920D62E /* [CP] Copy Pods Resources */,
			);
			buildRules = (
			);
			dependencies = (
			);
			name = YHKit_OC;
			productName = YHKit_OC;
			productReference = EE817A3D1FAC696F003AC5B6 /* YHKit_OC.app */;
			productType = "com.apple.product-type.application";
		};
/* End PBXNativeTarget section */

/* Begin PBXProject section */
		EE817A351FAC696F003AC5B6 /* Project object */ = {
			isa = PBXProject;
			attributes = {
				LastUpgradeCheck = 0900;
				ORGANIZATIONNAME = "银河";
				TargetAttributes = {
					EE817A3C1FAC696F003AC5B6 = {
						CreatedOnToolsVersion = 9.0.1;
						ProvisioningStyle = Automatic;
						SystemCapabilities = {
							com.apple.BackgroundModes = {
								enabled = 0;
							};
							com.apple.Push = {
								enabled = 1;
							};
						};
					};
				};
			};
			buildConfigurationList = EE817A381FAC696F003AC5B6 /* Build configuration list for PBXProject "YHKit_OC" */;
			compatibilityVersion = "Xcode 8.0";
			developmentRegion = en;
			hasScannedForEncodings = 0;
			knownRegions = (
				en,
				Base,
			);
			mainGroup = EE817A341FAC696F003AC5B6;
			productRefGroup = EE817A3E1FAC696F003AC5B6 /* Products */;
			projectDirPath = "";
			projectRoot = "";
			targets = (
				EE817A3C1FAC696F003AC5B6 /* YHKit_OC */,
			);
		};
/* End PBXProject section */

/* Begin PBXResourcesBuildPhase section */
		EE817A3B1FAC696F003AC5B6 /* Resources */ = {
			isa = PBXResourcesBuildPhase;
			buildActionMask = 2147483647;
			files = (
				EE817A4D1FAC696F003AC5B6 /* LaunchScreen.storyboard in Resources */,
				EE624723200363BA00D89E86 /* YHPhotoBroswer.strings in Resources */,
				EE387CC820889616005F7FA5 /* YHNavigation.xcassets in Resources */,
				EE624722200363BA00D89E86 /* YHAlbumAssets.xcassets in Resources */,
				EEF924FB202C6E2E00421D56 /* YHNavigation.bundle in Resources */,
				EE817A4A1FAC696F003AC5B6 /* Assets.xcassets in Resources */,
				EE817A5B1FAC6CE1003AC5B6 /* DeviceList.plist in Resources */,
				EE817A481FAC696F003AC5B6 /* Main.storyboard in Resources */,
			);
			runOnlyForDeploymentPostprocessing = 0;
		};
/* End PBXResourcesBuildPhase section */

/* Begin PBXShellScriptBuildPhase section */
		9E30497E026032C15920D62E /* [CP] Copy Pods Resources */ = {
			isa = PBXShellScriptBuildPhase;
			buildActionMask = 2147483647;
			files = (
			);
			inputPaths = (
			);
			name = "[CP] Copy Pods Resources";
			outputPaths = (
			);
			runOnlyForDeploymentPostprocessing = 0;
			shellPath = /bin/sh;
			shellScript = "\"${SRCROOT}/Pods/Target Support Files/Pods-YHKit_OC/Pods-YHKit_OC-resources.sh\"\n";
			showEnvVarsInLog = 0;
		};
		A0785BC865442F8114053EB0 /* [CP] Embed Pods Frameworks */ = {
			isa = PBXShellScriptBuildPhase;
			buildActionMask = 2147483647;
			files = (
			);
			inputPaths = (
			);
			name = "[CP] Embed Pods Frameworks";
			outputPaths = (
			);
			runOnlyForDeploymentPostprocessing = 0;
			shellPath = /bin/sh;
			shellScript = "\"${SRCROOT}/Pods/Target Support Files/Pods-YHKit_OC/Pods-YHKit_OC-frameworks.sh\"\n";
			showEnvVarsInLog = 0;
		};
		D72CF5956E723522CFDE2E24 /* [CP] Check Pods Manifest.lock */ = {
			isa = PBXShellScriptBuildPhase;
			buildActionMask = 2147483647;
			files = (
			);
			inputPaths = (
			);
			name = "[CP] Check Pods Manifest.lock";
			outputPaths = (
			);
			runOnlyForDeploymentPostprocessing = 0;
			shellPath = /bin/sh;
			shellScript = "diff \"${PODS_PODFILE_DIR_PATH}/Podfile.lock\" \"${PODS_ROOT}/Manifest.lock\" > /dev/null\nif [ $? != 0 ] ; then\n    # print error to STDERR\n    echo \"error: The sandbox is not in sync with the Podfile.lock. Run 'pod install' or update your CocoaPods installation.\" >&2\n    exit 1\nfi\n";
			showEnvVarsInLog = 0;
		};
/* End PBXShellScriptBuildPhase section */

/* Begin PBXSourcesBuildPhase section */
		EE817A391FAC696F003AC5B6 /* Sources */ = {
			isa = PBXSourcesBuildPhase;
			buildActionMask = 2147483647;
			files = (
				EE43B64220200ACE00B6C2A5 /* YHSecurity.m in Sources */,
				EE0EB3E62040106D00643871 /* MenuPushVC.m in Sources */,
				EE62471A200363BA00D89E86 /* YHPhotoDetailModel.m in Sources */,
				EE62472F200363BA00D89E86 /* NSString+YHValid.m in Sources */,
				EE817A451FAC696F003AC5B6 /* ViewController.m in Sources */,
				EE534C7F202C4582006C9BD4 /* CustomNaviVC.m in Sources */,
				EEDC1DA21FB1BCCF00082DDA /* Test.m in Sources */,
				EE624717200363BA00D89E86 /* YHPhotoBroswer.m in Sources */,
				EE624718200363BA00D89E86 /* YHPhotoDetailListVC.m in Sources */,
				EE624730200363BA00D89E86 /* UIViewController+YHSystemPhoto.m in Sources */,
				EE62472E200363BA00D89E86 /* NSString+YHExchange.m in Sources */,
				EE0EB3E32040005000643871 /* PushVC.m in Sources */,
				EE627EBE20425F9000946252 /* VC1.m in Sources */,
				EE16463020483C5B0091AF4A /* YHMBHud.m in Sources */,
				EE0EB3E0203FF39700643871 /* RightMenuVC.m in Sources */,
				EE62471B200363BA00D89E86 /* YHPhotoListModel.m in Sources */,
				EE387CCB208896A7005F7FA5 /* UIImage+YHQRImage.m in Sources */,
				EE627ED320429D7500946252 /* UIViewController+YHTransition.m in Sources */,
				EE62472A200363BA00D89E86 /* YHDrawerVC.m in Sources */,
				EE916C35202B1AD60028A7D4 /* UINavigationBar+YHNavigationBar.m in Sources */,
				EE62471F200363BA00D89E86 /* YHPhotoBroswerDetailCell.m in Sources */,
				EE624724200363BA00D89E86 /* YHAlertController.m in Sources */,
				EEFBF234202D7B5600E00787 /* UIView+YHViewExtension.m in Sources */,
				EE2C2D122029835E00009E6E /* YHBarButtonItemConfigure.m in Sources */,
				EE627ED62042A24700946252 /* YHTransitionManager+System.m in Sources */,
				EE627EDD2042A60E00946252 /* YHTransitionManager+Public.m in Sources */,
				EE62472D200363BA00D89E86 /* YHNet.m in Sources */,
				EE817A501FAC696F003AC5B6 /* main.m in Sources */,
				EE4625A72046A9A100BC835B /* YHTransitionManager+MiddlePage.m in Sources */,
				EE624727200363BA00D89E86 /* UIViewController+YHCustomNaviBar.m in Sources */,
				EE624725200363BA00D89E86 /* NSObject+YHAuthorization.m in Sources */,
				EE2C2D0F202980F700009E6E /* UIBarButtonItem+YHBarButtonItem.m in Sources */,
				EE62472B200363BA00D89E86 /* UIImage+YHColorToImage.m in Sources */,
				EEEBE157204406EE00C80A33 /* YHDrivenInteractiveTransition.m in Sources */,
				EE624728200363BA00D89E86 /* NSData+YHData.m in Sources */,
				EE0EB3DD203FBCDE00643871 /* LeftMenuVC.m in Sources */,
				EE624716200363BA00D89E86 /* YHPhotoBigPreVC.m in Sources */,
				EE627EBB20425C9500946252 /* YHTransitionManager.m in Sources */,
				EE627ED92042A25000946252 /* YHTransitionManager+Scale.m in Sources */,
				EE4625A420469CB800BC835B /* VC2.m in Sources */,
				EE624721200363BA00D89E86 /* YHPhotoDetailBottomView.m in Sources */,
				EE534C79202BFE2F006C9BD4 /* YHNavigationBar.m in Sources */,
				EEFB1BF11FB94CA10092DCE9 /* TestViewController.m in Sources */,
				EE624729200363BA00D89E86 /* YHDeviceUtil.m in Sources */,
				EE534C7C202BFF33006C9BD4 /* YHBaseViewController.m in Sources */,
				EE67B94B2042F9CA00D6AFDA /* YHTransitionManager+KuGou.m in Sources */,
				EE624726200363BA00D89E86 /* YHNotification.m in Sources */,
				EE624719200363BA00D89E86 /* YHPhotoListVC.m in Sources */,
				EE817A421FAC696F003AC5B6 /* AppDelegate.m in Sources */,
				EE62471E200363BA00D89E86 /* YHPhotoBigPreNaviView.m in Sources */,
				EE62471D200363BA00D89E86 /* YHPhotoBigPreCell.m in Sources */,
				EE62471C200363BA00D89E86 /* YHPhotoManager.m in Sources */,
				EE624720200363BA00D89E86 /* YHPhotoBroswerListCell.m in Sources */,
			);
			runOnlyForDeploymentPostprocessing = 0;
		};
/* End PBXSourcesBuildPhase section */

/* Begin PBXVariantGroup section */
		EE817A461FAC696F003AC5B6 /* Main.storyboard */ = {
			isa = PBXVariantGroup;
			children = (
				EE817A471FAC696F003AC5B6 /* Base */,
			);
			name = Main.storyboard;
			sourceTree = "<group>";
		};
		EE817A4B1FAC696F003AC5B6 /* LaunchScreen.storyboard */ = {
			isa = PBXVariantGroup;
			children = (
				EE817A4C1FAC696F003AC5B6 /* Base */,
			);
			name = LaunchScreen.storyboard;
			sourceTree = "<group>";
		};
/* End PBXVariantGroup section */

/* Begin XCBuildConfiguration section */
		EE817A511FAC696F003AC5B6 /* Debug */ = {
			isa = XCBuildConfiguration;
			buildSettings = {
				ALWAYS_SEARCH_USER_PATHS = NO;
				CLANG_ANALYZER_NONNULL = YES;
				CLANG_ANALYZER_NUMBER_OBJECT_CONVERSION = YES_AGGRESSIVE;
				CLANG_CXX_LANGUAGE_STANDARD = "gnu++14";
				CLANG_CXX_LIBRARY = "libc++";
				CLANG_ENABLE_MODULES = YES;
				CLANG_ENABLE_OBJC_ARC = YES;
				CLANG_WARN_BLOCK_CAPTURE_AUTORELEASING = YES;
				CLANG_WARN_BOOL_CONVERSION = YES;
				CLANG_WARN_COMMA = YES;
				CLANG_WARN_CONSTANT_CONVERSION = YES;
				CLANG_WARN_DIRECT_OBJC_ISA_USAGE = YES_ERROR;
				CLANG_WARN_DOCUMENTATION_COMMENTS = YES;
				CLANG_WARN_EMPTY_BODY = YES;
				CLANG_WARN_ENUM_CONVERSION = YES;
				CLANG_WARN_INFINITE_RECURSION = YES;
				CLANG_WARN_INT_CONVERSION = YES;
				CLANG_WARN_NON_LITERAL_NULL_CONVERSION = YES;
				CLANG_WARN_OBJC_LITERAL_CONVERSION = YES;
				CLANG_WARN_OBJC_ROOT_CLASS = YES_ERROR;
				CLANG_WARN_RANGE_LOOP_ANALYSIS = YES;
				CLANG_WARN_STRICT_PROTOTYPES = YES;
				CLANG_WARN_SUSPICIOUS_MOVE = YES;
				CLANG_WARN_UNGUARDED_AVAILABILITY = YES_AGGRESSIVE;
				CLANG_WARN_UNREACHABLE_CODE = YES;
				CLANG_WARN__DUPLICATE_METHOD_MATCH = YES;
				CODE_SIGN_IDENTITY = "iPhone Developer";
				COPY_PHASE_STRIP = NO;
				DEBUG_INFORMATION_FORMAT = dwarf;
				ENABLE_STRICT_OBJC_MSGSEND = YES;
				ENABLE_TESTABILITY = YES;
				GCC_C_LANGUAGE_STANDARD = gnu11;
				GCC_DYNAMIC_NO_PIC = NO;
				GCC_NO_COMMON_BLOCKS = YES;
				GCC_OPTIMIZATION_LEVEL = 0;
				GCC_PREPROCESSOR_DEFINITIONS = (
					"DEBUG=1",
					"$(inherited)",
				);
				GCC_WARN_64_TO_32_BIT_CONVERSION = YES;
				GCC_WARN_ABOUT_RETURN_TYPE = YES_ERROR;
				GCC_WARN_UNDECLARED_SELECTOR = YES;
				GCC_WARN_UNINITIALIZED_AUTOS = YES_AGGRESSIVE;
				GCC_WARN_UNUSED_FUNCTION = YES;
				GCC_WARN_UNUSED_VARIABLE = YES;
				IPHONEOS_DEPLOYMENT_TARGET = 10.0;
				MTL_ENABLE_DEBUG_INFO = YES;
				ONLY_ACTIVE_ARCH = YES;
				SDKROOT = iphoneos;
			};
			name = Debug;
		};
		EE817A521FAC696F003AC5B6 /* Release */ = {
			isa = XCBuildConfiguration;
			buildSettings = {
				ALWAYS_SEARCH_USER_PATHS = NO;
				CLANG_ANALYZER_NONNULL = YES;
				CLANG_ANALYZER_NUMBER_OBJECT_CONVERSION = YES_AGGRESSIVE;
				CLANG_CXX_LANGUAGE_STANDARD = "gnu++14";
				CLANG_CXX_LIBRARY = "libc++";
				CLANG_ENABLE_MODULES = YES;
				CLANG_ENABLE_OBJC_ARC = YES;
				CLANG_WARN_BLOCK_CAPTURE_AUTORELEASING = YES;
				CLANG_WARN_BOOL_CONVERSION = YES;
				CLANG_WARN_COMMA = YES;
				CLANG_WARN_CONSTANT_CONVERSION = YES;
				CLANG_WARN_DIRECT_OBJC_ISA_USAGE = YES_ERROR;
				CLANG_WARN_DOCUMENTATION_COMMENTS = YES;
				CLANG_WARN_EMPTY_BODY = YES;
				CLANG_WARN_ENUM_CONVERSION = YES;
				CLANG_WARN_INFINITE_RECURSION = YES;
				CLANG_WARN_INT_CONVERSION = YES;
				CLANG_WARN_NON_LITERAL_NULL_CONVERSION = YES;
				CLANG_WARN_OBJC_LITERAL_CONVERSION = YES;
				CLANG_WARN_OBJC_ROOT_CLASS = YES_ERROR;
				CLANG_WARN_RANGE_LOOP_ANALYSIS = YES;
				CLANG_WARN_STRICT_PROTOTYPES = YES;
				CLANG_WARN_SUSPICIOUS_MOVE = YES;
				CLANG_WARN_UNGUARDED_AVAILABILITY = YES_AGGRESSIVE;
				CLANG_WARN_UNREACHABLE_CODE = YES;
				CLANG_WARN__DUPLICATE_METHOD_MATCH = YES;
				CODE_SIGN_IDENTITY = "iPhone Developer";
				COPY_PHASE_STRIP = NO;
				DEBUG_INFORMATION_FORMAT = "dwarf-with-dsym";
				ENABLE_NS_ASSERTIONS = NO;
				ENABLE_STRICT_OBJC_MSGSEND = YES;
				GCC_C_LANGUAGE_STANDARD = gnu11;
				GCC_NO_COMMON_BLOCKS = YES;
				GCC_WARN_64_TO_32_BIT_CONVERSION = YES;
				GCC_WARN_ABOUT_RETURN_TYPE = YES_ERROR;
				GCC_WARN_UNDECLARED_SELECTOR = YES;
				GCC_WARN_UNINITIALIZED_AUTOS = YES_AGGRESSIVE;
				GCC_WARN_UNUSED_FUNCTION = YES;
				GCC_WARN_UNUSED_VARIABLE = YES;
				IPHONEOS_DEPLOYMENT_TARGET = 10.0;
				MTL_ENABLE_DEBUG_INFO = NO;
				SDKROOT = iphoneos;
				VALIDATE_PRODUCT = YES;
			};
			name = Release;
		};
		EE817A541FAC696F003AC5B6 /* Debug */ = {
			isa = XCBuildConfiguration;
			baseConfigurationReference = 05AB82F771419C456D1D5EAF /* Pods-YHKit_OC.debug.xcconfig */;
			buildSettings = {
				ASSETCATALOG_COMPILER_APPICON_NAME = AppIcon;
				CODE_SIGN_ENTITLEMENTS = YHKit_OC/YHKit_OC.entitlements;
				CODE_SIGN_STYLE = Automatic;
				DEVELOPMENT_TEAM = 2E8NVCJR97;
				ENABLE_STRICT_OBJC_MSGSEND = NO;
				INFOPLIST_FILE = YHKit_OC/Info.plist;
				IPHONEOS_DEPLOYMENT_TARGET = 9.0;
				LD_RUNPATH_SEARCH_PATHS = "$(inherited) @executable_path/Frameworks";
				PRODUCT_BUNDLE_IDENTIFIER = "com.yinhe.YHKit-OC-jun";
				PRODUCT_NAME = "$(TARGET_NAME)";
				TARGETED_DEVICE_FAMILY = "1,2";
			};
			name = Debug;
		};
		EE817A551FAC696F003AC5B6 /* Release */ = {
			isa = XCBuildConfiguration;
			baseConfigurationReference = 58320E584C867615DB172560 /* Pods-YHKit_OC.release.xcconfig */;
			buildSettings = {
				ASSETCATALOG_COMPILER_APPICON_NAME = AppIcon;
				CODE_SIGN_ENTITLEMENTS = YHKit_OC/YHKit_OC.entitlements;
				CODE_SIGN_STYLE = Automatic;
				DEVELOPMENT_TEAM = 2E8NVCJR97;
				ENABLE_STRICT_OBJC_MSGSEND = NO;
				INFOPLIST_FILE = YHKit_OC/Info.plist;
				IPHONEOS_DEPLOYMENT_TARGET = 9.0;
				LD_RUNPATH_SEARCH_PATHS = "$(inherited) @executable_path/Frameworks";
				PRODUCT_BUNDLE_IDENTIFIER = "com.yinhe.YHKit-OC-jun";
				PRODUCT_NAME = "$(TARGET_NAME)";
				TARGETED_DEVICE_FAMILY = "1,2";
			};
			name = Release;
		};
/* End XCBuildConfiguration section */

/* Begin XCConfigurationList section */
		EE817A381FAC696F003AC5B6 /* Build configuration list for PBXProject "YHKit_OC" */ = {
			isa = XCConfigurationList;
			buildConfigurations = (
				EE817A511FAC696F003AC5B6 /* Debug */,
				EE817A521FAC696F003AC5B6 /* Release */,
			);
			defaultConfigurationIsVisible = 0;
			defaultConfigurationName = Release;
		};
		EE817A531FAC696F003AC5B6 /* Build configuration list for PBXNativeTarget "YHKit_OC" */ = {
			isa = XCConfigurationList;
			buildConfigurations = (
				EE817A541FAC696F003AC5B6 /* Debug */,
				EE817A551FAC696F003AC5B6 /* Release */,
			);
			defaultConfigurationIsVisible = 0;
			defaultConfigurationName = Release;
		};
/* End XCConfigurationList section */
	};
	rootObject = EE817A351FAC696F003AC5B6 /* Project object */;
}
