// !$*UTF8*$!
{
	archiveVersion = 1;
	classes = {
	};
	objectVersion = 48;
	objects = {

/* Begin PBXBuildFile section */
		42D612DCC3D3CB9D7092342A /* libPods-YHKit_OC.a in Frameworks */ = {isa = PBXBuildFile; fileRef = 4CB4538AE72479A1E8F3192A /* libPods-YHKit_OC.a */; };
		EE321ACB1FD195A200D1B2B8 /* YHPhotoDetailBottomView.m in Sources */ = {isa = PBXBuildFile; fileRef = EE321ACA1FD195A200D1B2B8 /* YHPhotoDetailBottomView.m */; };
		EE321ACE1FD19A5600D1B2B8 /* YHPhotoBroswerDetailCell.m in Sources */ = {isa = PBXBuildFile; fileRef = EE321ACD1FD19A5600D1B2B8 /* YHPhotoBroswerDetailCell.m */; };
		EE321AD11FD19C4300D1B2B8 /* YHPhotoDetailModel.m in Sources */ = {isa = PBXBuildFile; fileRef = EE321AD01FD19C4300D1B2B8 /* YHPhotoDetailModel.m */; };
		EE557A581FD2D24000149632 /* YHPhotoBigPreVC.m in Sources */ = {isa = PBXBuildFile; fileRef = EE557A571FD2D24000149632 /* YHPhotoBigPreVC.m */; };
		EE817A421FAC696F003AC5B6 /* AppDelegate.m in Sources */ = {isa = PBXBuildFile; fileRef = EE817A411FAC696F003AC5B6 /* AppDelegate.m */; };
		EE817A451FAC696F003AC5B6 /* ViewController.m in Sources */ = {isa = PBXBuildFile; fileRef = EE817A441FAC696F003AC5B6 /* ViewController.m */; };
		EE817A481FAC696F003AC5B6 /* Main.storyboard in Resources */ = {isa = PBXBuildFile; fileRef = EE817A461FAC696F003AC5B6 /* Main.storyboard */; };
		EE817A4A1FAC696F003AC5B6 /* Assets.xcassets in Resources */ = {isa = PBXBuildFile; fileRef = EE817A491FAC696F003AC5B6 /* Assets.xcassets */; };
		EE817A4D1FAC696F003AC5B6 /* LaunchScreen.storyboard in Resources */ = {isa = PBXBuildFile; fileRef = EE817A4B1FAC696F003AC5B6 /* LaunchScreen.storyboard */; };
		EE817A501FAC696F003AC5B6 /* main.m in Sources */ = {isa = PBXBuildFile; fileRef = EE817A4F1FAC696F003AC5B6 /* main.m */; };
		EE817A591FAC6BCA003AC5B6 /* DeviceUtil.m in Sources */ = {isa = PBXBuildFile; fileRef = EE817A571FAC6BC9003AC5B6 /* DeviceUtil.m */; };
		EE817A5B1FAC6CE1003AC5B6 /* DeviceList.plist in Resources */ = {isa = PBXBuildFile; fileRef = EE817A5A1FAC6CE1003AC5B6 /* DeviceList.plist */; };
		EE817A5F1FAC6D50003AC5B6 /* YHDeviceUtil.m in Sources */ = {isa = PBXBuildFile; fileRef = EE817A5E1FAC6D50003AC5B6 /* YHDeviceUtil.m */; };
		EEAF8B961FB54A0E00516929 /* UIViewController+YHSystemPhoto.m in Sources */ = {isa = PBXBuildFile; fileRef = EEAF8B951FB54A0E00516929 /* UIViewController+YHSystemPhoto.m */; };
		EEAF8BA01FB5969900516929 /* YHMBHud.m in Sources */ = {isa = PBXBuildFile; fileRef = EEAF8B9F1FB5969900516929 /* YHMBHud.m */; };
		EEC1B3F91FC5BF9600A4335E /* YHNet.m in Sources */ = {isa = PBXBuildFile; fileRef = EEC1B3F81FC5BF9600A4335E /* YHNet.m */; };
		EEC1B3FD1FC5C98900A4335E /* NSString+YHExchange.m in Sources */ = {isa = PBXBuildFile; fileRef = EEC1B3FC1FC5C98900A4335E /* NSString+YHExchange.m */; };
		EEC1F2211FC972F90008806E /* YHAlbumAssets.xcassets in Resources */ = {isa = PBXBuildFile; fileRef = EEC1F2201FC972F90008806E /* YHAlbumAssets.xcassets */; };
		EEC1F2281FC975260008806E /* YHPhotoBroswer.m in Sources */ = {isa = PBXBuildFile; fileRef = EEC1F2271FC975260008806E /* YHPhotoBroswer.m */; };
		EEC1F22E1FC978340008806E /* YHPhotoListVC.m in Sources */ = {isa = PBXBuildFile; fileRef = EEC1F22D1FC978340008806E /* YHPhotoListVC.m */; };
		EEC1F2311FC9904B0008806E /* YHPhotoManager.m in Sources */ = {isa = PBXBuildFile; fileRef = EEC1F2301FC9904B0008806E /* YHPhotoManager.m */; };
		EEC1F2341FC993F80008806E /* YHPhotoListModel.m in Sources */ = {isa = PBXBuildFile; fileRef = EEC1F2331FC993F80008806E /* YHPhotoListModel.m */; };
		EEC1F2361FC997EE0008806E /* YHPhotoBroswer.strings in Resources */ = {isa = PBXBuildFile; fileRef = EEC1F2351FC997EE0008806E /* YHPhotoBroswer.strings */; };
		EEC1F23A1FC99AB80008806E /* YHPhotoBroswerListCell.m in Sources */ = {isa = PBXBuildFile; fileRef = EEC1F2391FC99AB80008806E /* YHPhotoBroswerListCell.m */; };
		EEC1F23D1FC9A5CF0008806E /* YHPhotoDetailListVC.m in Sources */ = {isa = PBXBuildFile; fileRef = EEC1F23C1FC9A5CF0008806E /* YHPhotoDetailListVC.m */; };
		EEDC1D991FB1468500082DDA /* YHAlertController.m in Sources */ = {isa = PBXBuildFile; fileRef = EEDC1D981FB1468500082DDA /* YHAlertController.m */; };
		EEDC1DA21FB1BCCF00082DDA /* Test.m in Sources */ = {isa = PBXBuildFile; fileRef = EEDC1DA11FB1BCCF00082DDA /* Test.m */; };
		EEFB1BEE1FB946510092DCE9 /* UIViewController+YHCustomNaviBar.m in Sources */ = {isa = PBXBuildFile; fileRef = EEFB1BED1FB946510092DCE9 /* UIViewController+YHCustomNaviBar.m */; };
		EEFB1BF11FB94CA10092DCE9 /* TestViewController.m in Sources */ = {isa = PBXBuildFile; fileRef = EEFB1BF01FB94CA10092DCE9 /* TestViewController.m */; };
		EEFF525B1FC15CFE00B706EA /* YHNotification.m in Sources */ = {isa = PBXBuildFile; fileRef = EEFF525A1FC15CFE00B706EA /* YHNotification.m */; };
		EEFF525F1FC183BC00B706EA /* NSObject+YHAuthorization.m in Sources */ = {isa = PBXBuildFile; fileRef = EEFF525E1FC183BC00B706EA /* NSObject+YHAuthorization.m */; };
/* End PBXBuildFile section */

/* Begin PBXFileReference section */
		05AB82F771419C456D1D5EAF /* Pods-YHKit_OC.debug.xcconfig */ = {isa = PBXFileReference; includeInIndex = 1; lastKnownFileType = text.xcconfig; name = "Pods-YHKit_OC.debug.xcconfig"; path = "Pods/Target Support Files/Pods-YHKit_OC/Pods-YHKit_OC.debug.xcconfig"; sourceTree = "<group>"; };
		4CB4538AE72479A1E8F3192A /* libPods-YHKit_OC.a */ = {isa = PBXFileReference; explicitFileType = archive.ar; includeInIndex = 0; path = "libPods-YHKit_OC.a"; sourceTree = BUILT_PRODUCTS_DIR; };
		58320E584C867615DB172560 /* Pods-YHKit_OC.release.xcconfig */ = {isa = PBXFileReference; includeInIndex = 1; lastKnownFileType = text.xcconfig; name = "Pods-YHKit_OC.release.xcconfig"; path = "Pods/Target Support Files/Pods-YHKit_OC/Pods-YHKit_OC.release.xcconfig"; sourceTree = "<group>"; };
		EE0B20691FB00C3C001DB83E /* YHColorMacro.h */ = {isa = PBXFileReference; lastKnownFileType = sourcecode.c.h; path = YHColorMacro.h; sourceTree = "<group>"; };
		EE0B206A1FB00D2B001DB83E /* YHSizeMacro.h */ = {isa = PBXFileReference; lastKnownFileType = sourcecode.c.h; path = YHSizeMacro.h; sourceTree = "<group>"; };
		EE0B206B1FB00D83001DB83E /* YHDebugMacro.h */ = {isa = PBXFileReference; lastKnownFileType = sourcecode.c.h; path = YHDebugMacro.h; sourceTree = "<group>"; };
		EE0B206C1FB00DBE001DB83E /* YHMacroHeader.h */ = {isa = PBXFileReference; lastKnownFileType = sourcecode.c.h; path = YHMacroHeader.h; sourceTree = "<group>"; };
		EE321AC91FD195A200D1B2B8 /* YHPhotoDetailBottomView.h */ = {isa = PBXFileReference; lastKnownFileType = sourcecode.c.h; path = YHPhotoDetailBottomView.h; sourceTree = "<group>"; };
		EE321ACA1FD195A200D1B2B8 /* YHPhotoDetailBottomView.m */ = {isa = PBXFileReference; lastKnownFileType = sourcecode.c.objc; path = YHPhotoDetailBottomView.m; sourceTree = "<group>"; };
		EE321ACC1FD19A5600D1B2B8 /* YHPhotoBroswerDetailCell.h */ = {isa = PBXFileReference; lastKnownFileType = sourcecode.c.h; path = YHPhotoBroswerDetailCell.h; sourceTree = "<group>"; };
		EE321ACD1FD19A5600D1B2B8 /* YHPhotoBroswerDetailCell.m */ = {isa = PBXFileReference; lastKnownFileType = sourcecode.c.objc; path = YHPhotoBroswerDetailCell.m; sourceTree = "<group>"; };
		EE321ACF1FD19C4300D1B2B8 /* YHPhotoDetailModel.h */ = {isa = PBXFileReference; lastKnownFileType = sourcecode.c.h; path = YHPhotoDetailModel.h; sourceTree = "<group>"; };
		EE321AD01FD19C4300D1B2B8 /* YHPhotoDetailModel.m */ = {isa = PBXFileReference; lastKnownFileType = sourcecode.c.objc; path = YHPhotoDetailModel.m; sourceTree = "<group>"; };
		EE557A561FD2D24000149632 /* YHPhotoBigPreVC.h */ = {isa = PBXFileReference; lastKnownFileType = sourcecode.c.h; path = YHPhotoBigPreVC.h; sourceTree = "<group>"; };
		EE557A571FD2D24000149632 /* YHPhotoBigPreVC.m */ = {isa = PBXFileReference; lastKnownFileType = sourcecode.c.objc; path = YHPhotoBigPreVC.m; sourceTree = "<group>"; };
		EE817A3D1FAC696F003AC5B6 /* YHKit_OC.app */ = {isa = PBXFileReference; explicitFileType = wrapper.application; includeInIndex = 0; path = YHKit_OC.app; sourceTree = BUILT_PRODUCTS_DIR; };
		EE817A401FAC696F003AC5B6 /* AppDelegate.h */ = {isa = PBXFileReference; lastKnownFileType = sourcecode.c.h; path = AppDelegate.h; sourceTree = "<group>"; };
		EE817A411FAC696F003AC5B6 /* AppDelegate.m */ = {isa = PBXFileReference; lastKnownFileType = sourcecode.c.objc; path = AppDelegate.m; sourceTree = "<group>"; };
		EE817A431FAC696F003AC5B6 /* ViewController.h */ = {isa = PBXFileReference; lastKnownFileType = sourcecode.c.h; path = ViewController.h; sourceTree = "<group>"; };
		EE817A441FAC696F003AC5B6 /* ViewController.m */ = {isa = PBXFileReference; lastKnownFileType = sourcecode.c.objc; path = ViewController.m; sourceTree = "<group>"; };
		EE817A471FAC696F003AC5B6 /* Base */ = {isa = PBXFileReference; lastKnownFileType = file.storyboard; name = Base; path = Base.lproj/Main.storyboard; sourceTree = "<group>"; };
		EE817A491FAC696F003AC5B6 /* Assets.xcassets */ = {isa = PBXFileReference; lastKnownFileType = folder.assetcatalog; path = Assets.xcassets; sourceTree = "<group>"; };
		EE817A4C1FAC696F003AC5B6 /* Base */ = {isa = PBXFileReference; lastKnownFileType = file.storyboard; name = Base; path = Base.lproj/LaunchScreen.storyboard; sourceTree = "<group>"; };
		EE817A4E1FAC696F003AC5B6 /* Info.plist */ = {isa = PBXFileReference; lastKnownFileType = text.plist.xml; path = Info.plist; sourceTree = "<group>"; };
		EE817A4F1FAC696F003AC5B6 /* main.m */ = {isa = PBXFileReference; lastKnownFileType = sourcecode.c.objc; path = main.m; sourceTree = "<group>"; };
		EE817A571FAC6BC9003AC5B6 /* DeviceUtil.m */ = {isa = PBXFileReference; fileEncoding = 4; lastKnownFileType = sourcecode.c.objc; path = DeviceUtil.m; sourceTree = "<group>"; };
		EE817A581FAC6BC9003AC5B6 /* DeviceUtil.h */ = {isa = PBXFileReference; fileEncoding = 4; lastKnownFileType = sourcecode.c.h; path = DeviceUtil.h; sourceTree = "<group>"; };
		EE817A5A1FAC6CE1003AC5B6 /* DeviceList.plist */ = {isa = PBXFileReference; fileEncoding = 4; lastKnownFileType = text.plist.xml; path = DeviceList.plist; sourceTree = "<group>"; };
		EE817A5D1FAC6D50003AC5B6 /* YHDeviceUtil.h */ = {isa = PBXFileReference; lastKnownFileType = sourcecode.c.h; path = YHDeviceUtil.h; sourceTree = "<group>"; };
		EE817A5E1FAC6D50003AC5B6 /* YHDeviceUtil.m */ = {isa = PBXFileReference; lastKnownFileType = sourcecode.c.objc; path = YHDeviceUtil.m; sourceTree = "<group>"; };
		EEAF8B941FB54A0E00516929 /* UIViewController+YHSystemPhoto.h */ = {isa = PBXFileReference; lastKnownFileType = sourcecode.c.h; path = "UIViewController+YHSystemPhoto.h"; sourceTree = "<group>"; };
		EEAF8B951FB54A0E00516929 /* UIViewController+YHSystemPhoto.m */ = {isa = PBXFileReference; lastKnownFileType = sourcecode.c.objc; path = "UIViewController+YHSystemPhoto.m"; sourceTree = "<group>"; };
		EEAF8B9E1FB5969900516929 /* YHMBHud.h */ = {isa = PBXFileReference; lastKnownFileType = sourcecode.c.h; path = YHMBHud.h; sourceTree = "<group>"; };
		EEAF8B9F1FB5969900516929 /* YHMBHud.m */ = {isa = PBXFileReference; lastKnownFileType = sourcecode.c.objc; path = YHMBHud.m; sourceTree = "<group>"; };
		EEB3AF501FBC368100296338 /* YHDeviceMacro.h */ = {isa = PBXFileReference; lastKnownFileType = sourcecode.c.h; path = YHDeviceMacro.h; sourceTree = "<group>"; };
		EEC1B3F71FC5BF9600A4335E /* YHNet.h */ = {isa = PBXFileReference; lastKnownFileType = sourcecode.c.h; path = YHNet.h; sourceTree = "<group>"; };
		EEC1B3F81FC5BF9600A4335E /* YHNet.m */ = {isa = PBXFileReference; lastKnownFileType = sourcecode.c.objc; path = YHNet.m; sourceTree = "<group>"; };
		EEC1B3FB1FC5C98900A4335E /* NSString+YHExchange.h */ = {isa = PBXFileReference; lastKnownFileType = sourcecode.c.h; path = "NSString+YHExchange.h"; sourceTree = "<group>"; };
		EEC1B3FC1FC5C98900A4335E /* NSString+YHExchange.m */ = {isa = PBXFileReference; lastKnownFileType = sourcecode.c.objc; path = "NSString+YHExchange.m"; sourceTree = "<group>"; };
		EEC1F2201FC972F90008806E /* YHAlbumAssets.xcassets */ = {isa = PBXFileReference; lastKnownFileType = folder.assetcatalog; path = YHAlbumAssets.xcassets; sourceTree = "<group>"; };
		EEC1F2261FC975260008806E /* YHPhotoBroswer.h */ = {isa = PBXFileReference; lastKnownFileType = sourcecode.c.h; path = YHPhotoBroswer.h; sourceTree = "<group>"; };
		EEC1F2271FC975260008806E /* YHPhotoBroswer.m */ = {isa = PBXFileReference; lastKnownFileType = sourcecode.c.objc; path = YHPhotoBroswer.m; sourceTree = "<group>"; };
		EEC1F22C1FC978340008806E /* YHPhotoListVC.h */ = {isa = PBXFileReference; lastKnownFileType = sourcecode.c.h; path = YHPhotoListVC.h; sourceTree = "<group>"; };
		EEC1F22D1FC978340008806E /* YHPhotoListVC.m */ = {isa = PBXFileReference; lastKnownFileType = sourcecode.c.objc; path = YHPhotoListVC.m; sourceTree = "<group>"; };
		EEC1F22F1FC9904B0008806E /* YHPhotoManager.h */ = {isa = PBXFileReference; lastKnownFileType = sourcecode.c.h; path = YHPhotoManager.h; sourceTree = "<group>"; };
		EEC1F2301FC9904B0008806E /* YHPhotoManager.m */ = {isa = PBXFileReference; lastKnownFileType = sourcecode.c.objc; path = YHPhotoManager.m; sourceTree = "<group>"; };
		EEC1F2321FC993F80008806E /* YHPhotoListModel.h */ = {isa = PBXFileReference; lastKnownFileType = sourcecode.c.h; path = YHPhotoListModel.h; sourceTree = "<group>"; };
		EEC1F2331FC993F80008806E /* YHPhotoListModel.m */ = {isa = PBXFileReference; lastKnownFileType = sourcecode.c.objc; path = YHPhotoListModel.m; sourceTree = "<group>"; };
		EEC1F2351FC997EE0008806E /* YHPhotoBroswer.strings */ = {isa = PBXFileReference; lastKnownFileType = text.plist.strings; path = YHPhotoBroswer.strings; sourceTree = "<group>"; };
		EEC1F2371FC998980008806E /* YHPhotoBroswerHeader.h */ = {isa = PBXFileReference; lastKnownFileType = sourcecode.c.h; path = YHPhotoBroswerHeader.h; sourceTree = "<group>"; };
		EEC1F2381FC99AB80008806E /* YHPhotoBroswerListCell.h */ = {isa = PBXFileReference; lastKnownFileType = sourcecode.c.h; path = YHPhotoBroswerListCell.h; sourceTree = "<group>"; };
		EEC1F2391FC99AB80008806E /* YHPhotoBroswerListCell.m */ = {isa = PBXFileReference; lastKnownFileType = sourcecode.c.objc; path = YHPhotoBroswerListCell.m; sourceTree = "<group>"; };
		EEC1F23B1FC9A5CF0008806E /* YHPhotoDetailListVC.h */ = {isa = PBXFileReference; lastKnownFileType = sourcecode.c.h; path = YHPhotoDetailListVC.h; sourceTree = "<group>"; };
		EEC1F23C1FC9A5CF0008806E /* YHPhotoDetailListVC.m */ = {isa = PBXFileReference; lastKnownFileType = sourcecode.c.objc; path = YHPhotoDetailListVC.m; sourceTree = "<group>"; };
		EEDC1D971FB1468500082DDA /* YHAlertController.h */ = {isa = PBXFileReference; lastKnownFileType = sourcecode.c.h; path = YHAlertController.h; sourceTree = "<group>"; };
		EEDC1D981FB1468500082DDA /* YHAlertController.m */ = {isa = PBXFileReference; lastKnownFileType = sourcecode.c.objc; path = YHAlertController.m; sourceTree = "<group>"; };
		EEDC1D9A1FB158D900082DDA /* YHKit_OC.h */ = {isa = PBXFileReference; lastKnownFileType = sourcecode.c.h; path = YHKit_OC.h; sourceTree = "<group>"; };
		EEDC1DA01FB1BCCF00082DDA /* Test.h */ = {isa = PBXFileReference; lastKnownFileType = sourcecode.c.h; path = Test.h; sourceTree = "<group>"; };
		EEDC1DA11FB1BCCF00082DDA /* Test.m */ = {isa = PBXFileReference; lastKnownFileType = sourcecode.c.objc; path = Test.m; sourceTree = "<group>"; };
		EEFB1BE91FB941790092DCE9 /* YHOtherMacro.h */ = {isa = PBXFileReference; lastKnownFileType = sourcecode.c.h; path = YHOtherMacro.h; sourceTree = "<group>"; };
		EEFB1BEA1FB941930092DCE9 /* YHThreadMacro.h */ = {isa = PBXFileReference; lastKnownFileType = sourcecode.c.h; path = YHThreadMacro.h; sourceTree = "<group>"; };
		EEFB1BEC1FB946510092DCE9 /* UIViewController+YHCustomNaviBar.h */ = {isa = PBXFileReference; lastKnownFileType = sourcecode.c.h; path = "UIViewController+YHCustomNaviBar.h"; sourceTree = "<group>"; };
		EEFB1BED1FB946510092DCE9 /* UIViewController+YHCustomNaviBar.m */ = {isa = PBXFileReference; lastKnownFileType = sourcecode.c.objc; path = "UIViewController+YHCustomNaviBar.m"; sourceTree = "<group>"; };
		EEFB1BEF1FB94CA10092DCE9 /* TestViewController.h */ = {isa = PBXFileReference; lastKnownFileType = sourcecode.c.h; path = TestViewController.h; sourceTree = "<group>"; };
		EEFB1BF01FB94CA10092DCE9 /* TestViewController.m */ = {isa = PBXFileReference; lastKnownFileType = sourcecode.c.objc; path = TestViewController.m; sourceTree = "<group>"; };
		EEFB1BF21FB983E60092DCE9 /* YHRuntimeMacro.h */ = {isa = PBXFileReference; lastKnownFileType = sourcecode.c.h; path = YHRuntimeMacro.h; sourceTree = "<group>"; };
		EEFF52591FC15CFE00B706EA /* YHNotification.h */ = {isa = PBXFileReference; lastKnownFileType = sourcecode.c.h; path = YHNotification.h; sourceTree = "<group>"; };
		EEFF525A1FC15CFE00B706EA /* YHNotification.m */ = {isa = PBXFileReference; lastKnownFileType = sourcecode.c.objc; path = YHNotification.m; sourceTree = "<group>"; };
		EEFF525C1FC17B4400B706EA /* YHKit_OC.entitlements */ = {isa = PBXFileReference; lastKnownFileType = text.plist.entitlements; path = YHKit_OC.entitlements; sourceTree = "<group>"; };
		EEFF525D1FC183BC00B706EA /* NSObject+YHAuthorization.h */ = {isa = PBXFileReference; lastKnownFileType = sourcecode.c.h; path = "NSObject+YHAuthorization.h"; sourceTree = "<group>"; };
		EEFF525E1FC183BC00B706EA /* NSObject+YHAuthorization.m */ = {isa = PBXFileReference; lastKnownFileType = sourcecode.c.objc; path = "NSObject+YHAuthorization.m"; sourceTree = "<group>"; };
/* End PBXFileReference section */

/* Begin PBXFrameworksBuildPhase section */
		EE817A3A1FAC696F003AC5B6 /* Frameworks */ = {
			isa = PBXFrameworksBuildPhase;
			buildActionMask = 2147483647;
			files = (
				42D612DCC3D3CB9D7092342A /* libPods-YHKit_OC.a in Frameworks */,
			);
			runOnlyForDeploymentPostprocessing = 0;
		};
/* End PBXFrameworksBuildPhase section */

/* Begin PBXGroup section */
		697F7A191AACFBDE821B3017 /* Pods */ = {
			isa = PBXGroup;
			children = (
				05AB82F771419C456D1D5EAF /* Pods-YHKit_OC.debug.xcconfig */,
				58320E584C867615DB172560 /* Pods-YHKit_OC.release.xcconfig */,
			);
			name = Pods;
			sourceTree = "<group>";
		};
		A6912D1D222C4929C6A84340 /* Frameworks */ = {
			isa = PBXGroup;
			children = (
				4CB4538AE72479A1E8F3192A /* libPods-YHKit_OC.a */,
			);
			name = Frameworks;
			sourceTree = "<group>";
		};
		EE0B20681FB00C09001DB83E /* Macro */ = {
			isa = PBXGroup;
			children = (
				EE0B206C1FB00DBE001DB83E /* YHMacroHeader.h */,
				EE0B20691FB00C3C001DB83E /* YHColorMacro.h */,
				EE0B206B1FB00D83001DB83E /* YHDebugMacro.h */,
				EE0B206A1FB00D2B001DB83E /* YHSizeMacro.h */,
				EEFB1BE91FB941790092DCE9 /* YHOtherMacro.h */,
				EEFB1BEA1FB941930092DCE9 /* YHThreadMacro.h */,
				EEFB1BF21FB983E60092DCE9 /* YHRuntimeMacro.h */,
				EEB3AF501FBC368100296338 /* YHDeviceMacro.h */,
			);
			path = Macro;
			sourceTree = "<group>";
		};
		EE817A341FAC696F003AC5B6 = {
			isa = PBXGroup;
			children = (
				EE817A3F1FAC696F003AC5B6 /* YHKit_OC */,
				EE817A3E1FAC696F003AC5B6 /* Products */,
				697F7A191AACFBDE821B3017 /* Pods */,
				A6912D1D222C4929C6A84340 /* Frameworks */,
			);
			sourceTree = "<group>";
		};
		EE817A3E1FAC696F003AC5B6 /* Products */ = {
			isa = PBXGroup;
			children = (
				EE817A3D1FAC696F003AC5B6 /* YHKit_OC.app */,
			);
			name = Products;
			sourceTree = "<group>";
		};
		EE817A3F1FAC696F003AC5B6 /* YHKit_OC */ = {
			isa = PBXGroup;
			children = (
				EEFF525C1FC17B4400B706EA /* YHKit_OC.entitlements */,
				EE817A401FAC696F003AC5B6 /* AppDelegate.h */,
				EE817A411FAC696F003AC5B6 /* AppDelegate.m */,
				EE817A431FAC696F003AC5B6 /* ViewController.h */,
				EE817A441FAC696F003AC5B6 /* ViewController.m */,
				EEFB1BEF1FB94CA10092DCE9 /* TestViewController.h */,
				EEFB1BF01FB94CA10092DCE9 /* TestViewController.m */,
				EEDC1DA01FB1BCCF00082DDA /* Test.h */,
				EEDC1DA11FB1BCCF00082DDA /* Test.m */,
				EE817A581FAC6BC9003AC5B6 /* DeviceUtil.h */,
				EE817A571FAC6BC9003AC5B6 /* DeviceUtil.m */,
				EE817A5A1FAC6CE1003AC5B6 /* DeviceList.plist */,
				EE817A561FAC69A2003AC5B6 /* YHKit_OC */,
				EE817A461FAC696F003AC5B6 /* Main.storyboard */,
				EE817A491FAC696F003AC5B6 /* Assets.xcassets */,
				EE817A4B1FAC696F003AC5B6 /* LaunchScreen.storyboard */,
				EE817A4E1FAC696F003AC5B6 /* Info.plist */,
				EE817A4F1FAC696F003AC5B6 /* main.m */,
			);
			path = YHKit_OC;
			sourceTree = "<group>";
		};
		EE817A561FAC69A2003AC5B6 /* YHKit_OC */ = {
			isa = PBXGroup;
			children = (
				EEDC1D9A1FB158D900082DDA /* YHKit_OC.h */,
				EEC1B3FA1FC5C92E00A4335E /* String_Category */,
				EEC1B3F61FC5BF7000A4335E /* Network */,
				EEFB1BEB1FB945D10092DCE9 /* CustomNaviBar */,
				EEAF8B9D1FB5966E00516929 /* MB_HUD */,
				EEAF8B931FB5420A00516929 /* SystemPhoto */,
				EEDC1D9C1FB1803B00082DDA /* Authorization */,
				EEDC1D9B1FB1637300082DDA /* Album */,
				EEDC1D961FB1464D00082DDA /* Alert */,
				EE0B20681FB00C09001DB83E /* Macro */,
				EE817A5C1FAC6D27003AC5B6 /* Device */,
			);
			path = YHKit_OC;
			sourceTree = "<group>";
		};
		EE817A5C1FAC6D27003AC5B6 /* Device */ = {
			isa = PBXGroup;
			children = (
				EE817A5D1FAC6D50003AC5B6 /* YHDeviceUtil.h */,
				EE817A5E1FAC6D50003AC5B6 /* YHDeviceUtil.m */,
			);
			path = Device;
			sourceTree = "<group>";
		};
		EEAF8B931FB5420A00516929 /* SystemPhoto */ = {
			isa = PBXGroup;
			children = (
				EEAF8B941FB54A0E00516929 /* UIViewController+YHSystemPhoto.h */,
				EEAF8B951FB54A0E00516929 /* UIViewController+YHSystemPhoto.m */,
			);
			path = SystemPhoto;
			sourceTree = "<group>";
		};
		EEAF8B9D1FB5966E00516929 /* MB_HUD */ = {
			isa = PBXGroup;
			children = (
				EEAF8B9E1FB5969900516929 /* YHMBHud.h */,
				EEAF8B9F1FB5969900516929 /* YHMBHud.m */,
			);
			path = MB_HUD;
			sourceTree = "<group>";
		};
		EEC1B3F61FC5BF7000A4335E /* Network */ = {
			isa = PBXGroup;
			children = (
				EEC1B3F71FC5BF9600A4335E /* YHNet.h */,
				EEC1B3F81FC5BF9600A4335E /* YHNet.m */,
			);
			path = Network;
			sourceTree = "<group>";
		};
		EEC1B3FA1FC5C92E00A4335E /* String_Category */ = {
			isa = PBXGroup;
			children = (
				EEC1B3FB1FC5C98900A4335E /* NSString+YHExchange.h */,
				EEC1B3FC1FC5C98900A4335E /* NSString+YHExchange.m */,
			);
			path = String_Category;
			sourceTree = "<group>";
		};
		EEC1F2221FC974880008806E /* Model */ = {
			isa = PBXGroup;
			children = (
				EEC1F2321FC993F80008806E /* YHPhotoListModel.h */,
				EEC1F2331FC993F80008806E /* YHPhotoListModel.m */,
				EE321ACF1FD19C4300D1B2B8 /* YHPhotoDetailModel.h */,
				EE321AD01FD19C4300D1B2B8 /* YHPhotoDetailModel.m */,
			);
			path = Model;
			sourceTree = "<group>";
		};
		EEC1F2231FC974880008806E /* Tool */ = {
			isa = PBXGroup;
			children = (
				EEC1F2371FC998980008806E /* YHPhotoBroswerHeader.h */,
				EEC1F22F1FC9904B0008806E /* YHPhotoManager.h */,
				EEC1F2301FC9904B0008806E /* YHPhotoManager.m */,
			);
			path = Tool;
			sourceTree = "<group>";
		};
		EEC1F2241FC974880008806E /* View */ = {
			isa = PBXGroup;
			children = (
				EEC1F2381FC99AB80008806E /* YHPhotoBroswerListCell.h */,
				EEC1F2391FC99AB80008806E /* YHPhotoBroswerListCell.m */,
				EE321AC91FD195A200D1B2B8 /* YHPhotoDetailBottomView.h */,
				EE321ACA1FD195A200D1B2B8 /* YHPhotoDetailBottomView.m */,
				EE321ACC1FD19A5600D1B2B8 /* YHPhotoBroswerDetailCell.h */,
				EE321ACD1FD19A5600D1B2B8 /* YHPhotoBroswerDetailCell.m */,
			);
			path = View;
			sourceTree = "<group>";
		};
		EEC1F2251FC974880008806E /* Controller */ = {
			isa = PBXGroup;
			children = (
				EEC1F2261FC975260008806E /* YHPhotoBroswer.h */,
				EEC1F2271FC975260008806E /* YHPhotoBroswer.m */,
				EEC1F22C1FC978340008806E /* YHPhotoListVC.h */,
				EEC1F22D1FC978340008806E /* YHPhotoListVC.m */,
				EEC1F23B1FC9A5CF0008806E /* YHPhotoDetailListVC.h */,
				EEC1F23C1FC9A5CF0008806E /* YHPhotoDetailListVC.m */,
				EE557A561FD2D24000149632 /* YHPhotoBigPreVC.h */,
				EE557A571FD2D24000149632 /* YHPhotoBigPreVC.m */,
			);
			path = Controller;
			sourceTree = "<group>";
		};
		EEDC1D961FB1464D00082DDA /* Alert */ = {
			isa = PBXGroup;
			children = (
				EEDC1D971FB1468500082DDA /* YHAlertController.h */,
				EEDC1D981FB1468500082DDA /* YHAlertController.m */,
			);
			path = Alert;
			sourceTree = "<group>";
		};
		EEDC1D9B1FB1637300082DDA /* Album */ = {
			isa = PBXGroup;
			children = (
				EEC1F2251FC974880008806E /* Controller */,
				EEC1F2221FC974880008806E /* Model */,
				EEC1F2231FC974880008806E /* Tool */,
				EEC1F2241FC974880008806E /* View */,
				EEC1F2201FC972F90008806E /* YHAlbumAssets.xcassets */,
				EEC1F2351FC997EE0008806E /* YHPhotoBroswer.strings */,
			);
			path = Album;
			sourceTree = "<group>";
		};
		EEDC1D9C1FB1803B00082DDA /* Authorization */ = {
			isa = PBXGroup;
			children = (
				EEFF525D1FC183BC00B706EA /* NSObject+YHAuthorization.h */,
				EEFF525E1FC183BC00B706EA /* NSObject+YHAuthorization.m */,
				EEFF52591FC15CFE00B706EA /* YHNotification.h */,
				EEFF525A1FC15CFE00B706EA /* YHNotification.m */,
			);
			path = Authorization;
			sourceTree = "<group>";
		};
		EEFB1BEB1FB945D10092DCE9 /* CustomNaviBar */ = {
			isa = PBXGroup;
			children = (
				EEFB1BEC1FB946510092DCE9 /* UIViewController+YHCustomNaviBar.h */,
				EEFB1BED1FB946510092DCE9 /* UIViewController+YHCustomNaviBar.m */,
			);
			path = CustomNaviBar;
			sourceTree = "<group>";
		};
/* End PBXGroup section */

/* Begin PBXNativeTarget section */
		EE817A3C1FAC696F003AC5B6 /* YHKit_OC */ = {
			isa = PBXNativeTarget;
			buildConfigurationList = EE817A531FAC696F003AC5B6 /* Build configuration list for PBXNativeTarget "YHKit_OC" */;
			buildPhases = (
				D72CF5956E723522CFDE2E24 /* [CP] Check Pods Manifest.lock */,
				EE817A391FAC696F003AC5B6 /* Sources */,
				EE817A3A1FAC696F003AC5B6 /* Frameworks */,
				EE817A3B1FAC696F003AC5B6 /* Resources */,
				A0785BC865442F8114053EB0 /* [CP] Embed Pods Frameworks */,
				9E30497E026032C15920D62E /* [CP] Copy Pods Resources */,
			);
			buildRules = (
			);
			dependencies = (
			);
			name = YHKit_OC;
			productName = YHKit_OC;
			productReference = EE817A3D1FAC696F003AC5B6 /* YHKit_OC.app */;
			productType = "com.apple.product-type.application";
		};
/* End PBXNativeTarget section */

/* Begin PBXProject section */
		EE817A351FAC696F003AC5B6 /* Project object */ = {
			isa = PBXProject;
			attributes = {
				LastUpgradeCheck = 0900;
				ORGANIZATIONNAME = "银河";
				TargetAttributes = {
					EE817A3C1FAC696F003AC5B6 = {
						CreatedOnToolsVersion = 9.0.1;
						ProvisioningStyle = Automatic;
						SystemCapabilities = {
							com.apple.BackgroundModes = {
								enabled = 0;
							};
							com.apple.Push = {
								enabled = 1;
							};
						};
					};
				};
			};
			buildConfigurationList = EE817A381FAC696F003AC5B6 /* Build configuration list for PBXProject "YHKit_OC" */;
			compatibilityVersion = "Xcode 8.0";
			developmentRegion = en;
			hasScannedForEncodings = 0;
			knownRegions = (
				en,
				Base,
			);
			mainGroup = EE817A341FAC696F003AC5B6;
			productRefGroup = EE817A3E1FAC696F003AC5B6 /* Products */;
			projectDirPath = "";
			projectRoot = "";
			targets = (
				EE817A3C1FAC696F003AC5B6 /* YHKit_OC */,
			);
		};
/* End PBXProject section */

/* Begin PBXResourcesBuildPhase section */
		EE817A3B1FAC696F003AC5B6 /* Resources */ = {
			isa = PBXResourcesBuildPhase;
			buildActionMask = 2147483647;
			files = (
				EE817A4D1FAC696F003AC5B6 /* LaunchScreen.storyboard in Resources */,
				EEC1F2361FC997EE0008806E /* YHPhotoBroswer.strings in Resources */,
				EEC1F2211FC972F90008806E /* YHAlbumAssets.xcassets in Resources */,
				EE817A4A1FAC696F003AC5B6 /* Assets.xcassets in Resources */,
				EE817A5B1FAC6CE1003AC5B6 /* DeviceList.plist in Resources */,
				EE817A481FAC696F003AC5B6 /* Main.storyboard in Resources */,
			);
			runOnlyForDeploymentPostprocessing = 0;
		};
/* End PBXResourcesBuildPhase section */

/* Begin PBXShellScriptBuildPhase section */
		9E30497E026032C15920D62E /* [CP] Copy Pods Resources */ = {
			isa = PBXShellScriptBuildPhase;
			buildActionMask = 2147483647;
			files = (
			);
			inputPaths = (
			);
			name = "[CP] Copy Pods Resources";
			outputPaths = (
			);
			runOnlyForDeploymentPostprocessing = 0;
			shellPath = /bin/sh;
			shellScript = "\"${SRCROOT}/Pods/Target Support Files/Pods-YHKit_OC/Pods-YHKit_OC-resources.sh\"\n";
			showEnvVarsInLog = 0;
		};
		A0785BC865442F8114053EB0 /* [CP] Embed Pods Frameworks */ = {
			isa = PBXShellScriptBuildPhase;
			buildActionMask = 2147483647;
			files = (
			);
			inputPaths = (
			);
			name = "[CP] Embed Pods Frameworks";
			outputPaths = (
			);
			runOnlyForDeploymentPostprocessing = 0;
			shellPath = /bin/sh;
			shellScript = "\"${SRCROOT}/Pods/Target Support Files/Pods-YHKit_OC/Pods-YHKit_OC-frameworks.sh\"\n";
			showEnvVarsInLog = 0;
		};
		D72CF5956E723522CFDE2E24 /* [CP] Check Pods Manifest.lock */ = {
			isa = PBXShellScriptBuildPhase;
			buildActionMask = 2147483647;
			files = (
			);
			inputPaths = (
			);
			name = "[CP] Check Pods Manifest.lock";
			outputPaths = (
			);
			runOnlyForDeploymentPostprocessing = 0;
			shellPath = /bin/sh;
			shellScript = "diff \"${PODS_PODFILE_DIR_PATH}/Podfile.lock\" \"${PODS_ROOT}/Manifest.lock\" > /dev/null\nif [ $? != 0 ] ; then\n    # print error to STDERR\n    echo \"error: The sandbox is not in sync with the Podfile.lock. Run 'pod install' or update your CocoaPods installation.\" >&2\n    exit 1\nfi\n";
			showEnvVarsInLog = 0;
		};
/* End PBXShellScriptBuildPhase section */

/* Begin PBXSourcesBuildPhase section */
		EE817A391FAC696F003AC5B6 /* Sources */ = {
			isa = PBXSourcesBuildPhase;
			buildActionMask = 2147483647;
			files = (
				EEC1F22E1FC978340008806E /* YHPhotoListVC.m in Sources */,
				EE557A581FD2D24000149632 /* YHPhotoBigPreVC.m in Sources */,
				EEC1F2341FC993F80008806E /* YHPhotoListModel.m in Sources */,
				EE817A451FAC696F003AC5B6 /* ViewController.m in Sources */,
				EEC1F23D1FC9A5CF0008806E /* YHPhotoDetailListVC.m in Sources */,
				EEDC1DA21FB1BCCF00082DDA /* Test.m in Sources */,
				EE817A591FAC6BCA003AC5B6 /* DeviceUtil.m in Sources */,
				EE321AD11FD19C4300D1B2B8 /* YHPhotoDetailModel.m in Sources */,
				EEAF8BA01FB5969900516929 /* YHMBHud.m in Sources */,
				EE817A501FAC696F003AC5B6 /* main.m in Sources */,
				EEFF525B1FC15CFE00B706EA /* YHNotification.m in Sources */,
				EEFB1BF11FB94CA10092DCE9 /* TestViewController.m in Sources */,
				EEDC1D991FB1468500082DDA /* YHAlertController.m in Sources */,
				EEC1F2311FC9904B0008806E /* YHPhotoManager.m in Sources */,
				EEFF525F1FC183BC00B706EA /* NSObject+YHAuthorization.m in Sources */,
				EEAF8B961FB54A0E00516929 /* UIViewController+YHSystemPhoto.m in Sources */,
				EE321ACB1FD195A200D1B2B8 /* YHPhotoDetailBottomView.m in Sources */,
				EEC1F2281FC975260008806E /* YHPhotoBroswer.m in Sources */,
				EEC1F23A1FC99AB80008806E /* YHPhotoBroswerListCell.m in Sources */,
				EEC1B3FD1FC5C98900A4335E /* NSString+YHExchange.m in Sources */,
				EE321ACE1FD19A5600D1B2B8 /* YHPhotoBroswerDetailCell.m in Sources */,
				EEC1B3F91FC5BF9600A4335E /* YHNet.m in Sources */,
				EE817A421FAC696F003AC5B6 /* AppDelegate.m in Sources */,
				EE817A5F1FAC6D50003AC5B6 /* YHDeviceUtil.m in Sources */,
				EEFB1BEE1FB946510092DCE9 /* UIViewController+YHCustomNaviBar.m in Sources */,
			);
			runOnlyForDeploymentPostprocessing = 0;
		};
/* End PBXSourcesBuildPhase section */

/* Begin PBXVariantGroup section */
		EE817A461FAC696F003AC5B6 /* Main.storyboard */ = {
			isa = PBXVariantGroup;
			children = (
				EE817A471FAC696F003AC5B6 /* Base */,
			);
			name = Main.storyboard;
			sourceTree = "<group>";
		};
		EE817A4B1FAC696F003AC5B6 /* LaunchScreen.storyboard */ = {
			isa = PBXVariantGroup;
			children = (
				EE817A4C1FAC696F003AC5B6 /* Base */,
			);
			name = LaunchScreen.storyboard;
			sourceTree = "<group>";
		};
/* End PBXVariantGroup section */

/* Begin XCBuildConfiguration section */
		EE817A511FAC696F003AC5B6 /* Debug */ = {
			isa = XCBuildConfiguration;
			buildSettings = {
				ALWAYS_SEARCH_USER_PATHS = NO;
				CLANG_ANALYZER_NONNULL = YES;
				CLANG_ANALYZER_NUMBER_OBJECT_CONVERSION = YES_AGGRESSIVE;
				CLANG_CXX_LANGUAGE_STANDARD = "gnu++14";
				CLANG_CXX_LIBRARY = "libc++";
				CLANG_ENABLE_MODULES = YES;
				CLANG_ENABLE_OBJC_ARC = YES;
				CLANG_WARN_BLOCK_CAPTURE_AUTORELEASING = YES;
				CLANG_WARN_BOOL_CONVERSION = YES;
				CLANG_WARN_COMMA = YES;
				CLANG_WARN_CONSTANT_CONVERSION = YES;
				CLANG_WARN_DIRECT_OBJC_ISA_USAGE = YES_ERROR;
				CLANG_WARN_DOCUMENTATION_COMMENTS = YES;
				CLANG_WARN_EMPTY_BODY = YES;
				CLANG_WARN_ENUM_CONVERSION = YES;
				CLANG_WARN_INFINITE_RECURSION = YES;
				CLANG_WARN_INT_CONVERSION = YES;
				CLANG_WARN_NON_LITERAL_NULL_CONVERSION = YES;
				CLANG_WARN_OBJC_LITERAL_CONVERSION = YES;
				CLANG_WARN_OBJC_ROOT_CLASS = YES_ERROR;
				CLANG_WARN_RANGE_LOOP_ANALYSIS = YES;
				CLANG_WARN_STRICT_PROTOTYPES = YES;
				CLANG_WARN_SUSPICIOUS_MOVE = YES;
				CLANG_WARN_UNGUARDED_AVAILABILITY = YES_AGGRESSIVE;
				CLANG_WARN_UNREACHABLE_CODE = YES;
				CLANG_WARN__DUPLICATE_METHOD_MATCH = YES;
				CODE_SIGN_IDENTITY = "iPhone Developer";
				COPY_PHASE_STRIP = NO;
				DEBUG_INFORMATION_FORMAT = dwarf;
				ENABLE_STRICT_OBJC_MSGSEND = YES;
				ENABLE_TESTABILITY = YES;
				GCC_C_LANGUAGE_STANDARD = gnu11;
				GCC_DYNAMIC_NO_PIC = NO;
				GCC_NO_COMMON_BLOCKS = YES;
				GCC_OPTIMIZATION_LEVEL = 0;
				GCC_PREPROCESSOR_DEFINITIONS = (
					"DEBUG=1",
					"$(inherited)",
				);
				GCC_WARN_64_TO_32_BIT_CONVERSION = YES;
				GCC_WARN_ABOUT_RETURN_TYPE = YES_ERROR;
				GCC_WARN_UNDECLARED_SELECTOR = YES;
				GCC_WARN_UNINITIALIZED_AUTOS = YES_AGGRESSIVE;
				GCC_WARN_UNUSED_FUNCTION = YES;
				GCC_WARN_UNUSED_VARIABLE = YES;
				IPHONEOS_DEPLOYMENT_TARGET = 11.0;
				MTL_ENABLE_DEBUG_INFO = YES;
				ONLY_ACTIVE_ARCH = YES;
				SDKROOT = iphoneos;
			};
			name = Debug;
		};
		EE817A521FAC696F003AC5B6 /* Release */ = {
			isa = XCBuildConfiguration;
			buildSettings = {
				ALWAYS_SEARCH_USER_PATHS = NO;
				CLANG_ANALYZER_NONNULL = YES;
				CLANG_ANALYZER_NUMBER_OBJECT_CONVERSION = YES_AGGRESSIVE;
				CLANG_CXX_LANGUAGE_STANDARD = "gnu++14";
				CLANG_CXX_LIBRARY = "libc++";
				CLANG_ENABLE_MODULES = YES;
				CLANG_ENABLE_OBJC_ARC = YES;
				CLANG_WARN_BLOCK_CAPTURE_AUTORELEASING = YES;
				CLANG_WARN_BOOL_CONVERSION = YES;
				CLANG_WARN_COMMA = YES;
				CLANG_WARN_CONSTANT_CONVERSION = YES;
				CLANG_WARN_DIRECT_OBJC_ISA_USAGE = YES_ERROR;
				CLANG_WARN_DOCUMENTATION_COMMENTS = YES;
				CLANG_WARN_EMPTY_BODY = YES;
				CLANG_WARN_ENUM_CONVERSION = YES;
				CLANG_WARN_INFINITE_RECURSION = YES;
				CLANG_WARN_INT_CONVERSION = YES;
				CLANG_WARN_NON_LITERAL_NULL_CONVERSION = YES;
				CLANG_WARN_OBJC_LITERAL_CONVERSION = YES;
				CLANG_WARN_OBJC_ROOT_CLASS = YES_ERROR;
				CLANG_WARN_RANGE_LOOP_ANALYSIS = YES;
				CLANG_WARN_STRICT_PROTOTYPES = YES;
				CLANG_WARN_SUSPICIOUS_MOVE = YES;
				CLANG_WARN_UNGUARDED_AVAILABILITY = YES_AGGRESSIVE;
				CLANG_WARN_UNREACHABLE_CODE = YES;
				CLANG_WARN__DUPLICATE_METHOD_MATCH = YES;
				CODE_SIGN_IDENTITY = "iPhone Developer";
				COPY_PHASE_STRIP = NO;
				DEBUG_INFORMATION_FORMAT = "dwarf-with-dsym";
				ENABLE_NS_ASSERTIONS = NO;
				ENABLE_STRICT_OBJC_MSGSEND = YES;
				GCC_C_LANGUAGE_STANDARD = gnu11;
				GCC_NO_COMMON_BLOCKS = YES;
				GCC_WARN_64_TO_32_BIT_CONVERSION = YES;
				GCC_WARN_ABOUT_RETURN_TYPE = YES_ERROR;
				GCC_WARN_UNDECLARED_SELECTOR = YES;
				GCC_WARN_UNINITIALIZED_AUTOS = YES_AGGRESSIVE;
				GCC_WARN_UNUSED_FUNCTION = YES;
				GCC_WARN_UNUSED_VARIABLE = YES;
				IPHONEOS_DEPLOYMENT_TARGET = 11.0;
				MTL_ENABLE_DEBUG_INFO = NO;
				SDKROOT = iphoneos;
				VALIDATE_PRODUCT = YES;
			};
			name = Release;
		};
		EE817A541FAC696F003AC5B6 /* Debug */ = {
			isa = XCBuildConfiguration;
			baseConfigurationReference = 05AB82F771419C456D1D5EAF /* Pods-YHKit_OC.debug.xcconfig */;
			buildSettings = {
				ASSETCATALOG_COMPILER_APPICON_NAME = AppIcon;
				CODE_SIGN_ENTITLEMENTS = YHKit_OC/YHKit_OC.entitlements;
				CODE_SIGN_STYLE = Automatic;
				DEVELOPMENT_TEAM = 6V9VN23VE8;
				ENABLE_STRICT_OBJC_MSGSEND = NO;
				INFOPLIST_FILE = YHKit_OC/Info.plist;
				IPHONEOS_DEPLOYMENT_TARGET = 9.0;
				LD_RUNPATH_SEARCH_PATHS = "$(inherited) @executable_path/Frameworks";
				PRODUCT_BUNDLE_IDENTIFIER = "com.yinhe.YHKit-OC";
				PRODUCT_NAME = "$(TARGET_NAME)";
				TARGETED_DEVICE_FAMILY = "1,2";
			};
			name = Debug;
		};
		EE817A551FAC696F003AC5B6 /* Release */ = {
			isa = XCBuildConfiguration;
			baseConfigurationReference = 58320E584C867615DB172560 /* Pods-YHKit_OC.release.xcconfig */;
			buildSettings = {
				ASSETCATALOG_COMPILER_APPICON_NAME = AppIcon;
				CODE_SIGN_ENTITLEMENTS = YHKit_OC/YHKit_OC.entitlements;
				CODE_SIGN_STYLE = Automatic;
				DEVELOPMENT_TEAM = 6V9VN23VE8;
				ENABLE_STRICT_OBJC_MSGSEND = NO;
				INFOPLIST_FILE = YHKit_OC/Info.plist;
				IPHONEOS_DEPLOYMENT_TARGET = 9.0;
				LD_RUNPATH_SEARCH_PATHS = "$(inherited) @executable_path/Frameworks";
				PRODUCT_BUNDLE_IDENTIFIER = "com.yinhe.YHKit-OC";
				PRODUCT_NAME = "$(TARGET_NAME)";
				TARGETED_DEVICE_FAMILY = "1,2";
			};
			name = Release;
		};
/* End XCBuildConfiguration section */

/* Begin XCConfigurationList section */
		EE817A381FAC696F003AC5B6 /* Build configuration list for PBXProject "YHKit_OC" */ = {
			isa = XCConfigurationList;
			buildConfigurations = (
				EE817A511FAC696F003AC5B6 /* Debug */,
				EE817A521FAC696F003AC5B6 /* Release */,
			);
			defaultConfigurationIsVisible = 0;
			defaultConfigurationName = Release;
		};
		EE817A531FAC696F003AC5B6 /* Build configuration list for PBXNativeTarget "YHKit_OC" */ = {
			isa = XCConfigurationList;
			buildConfigurations = (
				EE817A541FAC696F003AC5B6 /* Debug */,
				EE817A551FAC696F003AC5B6 /* Release */,
			);
			defaultConfigurationIsVisible = 0;
			defaultConfigurationName = Release;
		};
/* End XCConfigurationList section */
	};
	rootObject = EE817A351FAC696F003AC5B6 /* Project object */;
}
